
Microsoft Visual Studio Solution File, Format Version 12.00
# Visual Studio Version 17
VisualStudioVersion = 17.5.2.0
MinimumVisualStudioVersion = 10.0.40219.1
Project("{2150E333-8FDC-42A3-9474-1A3956D46DE8}") = "src", "src", "{827E0CD3-B72D-47B6-A68D-7590B98EB39B}"
EndProject
Project("{2150E333-8FDC-42A3-9474-1A3956D46DE8}") = "Common", "Common", "{BFF2DF6E-AA54-47C7-211F-79ACCBB4577C}"
EndProject
Project("{2150E333-8FDC-42A3-9474-1A3956D46DE8}") = "Tests", "Tests", "{1E89AB8A-3958-F0A1-8EA0-B56BC4D9D951}"
EndProject
Project("{FAE04EC0-301F-11D3-BF4B-00C04F79EFBC}") = "LexiLink.Common.Tests", "src\Common\Tests\LexiLink.Common.Tests.csproj", "{A59073AA-6C6D-2904-B23C-A2747DCD86D4}"
EndProject
Project("{2150E333-8FDC-42A3-9474-1A3956D46DE8}") = "Application", "Application", "{460733CA-97C4-0498-8152-AFD04574B7DF}"
EndProject
Project("{FAE04EC0-301F-11D3-BF4B-00C04F79EFBC}") = "LexiLink.Common.Application", "src\Common\Application\LexiLink.Common.Application.csproj", "{659A214A-C66E-0A88-FC83-692B8085DA26}"
EndProject
Project("{2150E333-8FDC-42A3-9474-1A3956D46DE8}") = "Infrastructure", "Infrastructure", "{A7EAD07E-B348-E71A-606D-22094D44EB26}"
EndProject
Project("{FAE04EC0-301F-11D3-BF4B-00C04F79EFBC}") = "LexiLink.Common.Infrastructure", "src\Common\Infrastructure\LexiLink.Common.Infrastructure.csproj", "{6987BB65-72D0-8E75-113C-A3C9E0A7CF6F}"
EndProject
Project("{2150E333-8FDC-42A3-9474-1A3956D46DE8}") = "Domain", "Domain", "{7C49CC06-6605-EC50-649C-17F29FF596C7}"
EndProject
Project("{FAE04EC0-301F-11D3-BF4B-00C04F79EFBC}") = "LexiLink.Common.Domain", "src\Common\Domain\LexiLink.Common.Domain.csproj", "{2237D468-2F3E-2880-6119-551B34C57F63}"
EndProject
Project("{2150E333-8FDC-42A3-9474-1A3956D46DE8}") = "Modules", "Modules", "{EC447DCF-ABFA-6E24-52A5-D7FD48A5C558}"
EndProject
Project("{2150E333-8FDC-42A3-9474-1A3956D46DE8}") = "Games", "Games", "{58DEE2D7-32BD-537C-1E71-87AB6BD65F6F}"
EndProject
Project("{2150E333-8FDC-42A3-9474-1A3956D46DE8}") = "Domain", "Domain", "{9A2AEFED-5B9F-1E66-FE85-41B7372D5E95}"
EndProject
Project("{FAE04EC0-301F-11D3-BF4B-00C04F79EFBC}") = "LexiLink.Modules.Games.Domain", "src\Modules\Games\Domain\LexiLink.Modules.Games.Domain.csproj", "{234D90CB-CE63-4F68-962F-81DAF50533FF}"
EndProject
Project("{2150E333-8FDC-42A3-9474-1A3956D46DE8}") = "Application", "Application", "{603471AC-7864-4569-147D-11C56D9E7885}"
EndProject
Project("{FAE04EC0-301F-11D3-BF4B-00C04F79EFBC}") = "LexiLink.Modules.Games.Application", "src\Modules\Games\Application\LexiLink.Modules.Games.Application.csproj", "{5A8006F0-0439-4C4D-B8B1-D4A6C5548D5D}"
EndProject
Project("{2150E333-8FDC-42A3-9474-1A3956D46DE8}") = "Infrastructure", "Infrastructure", "{59C513D0-E659-98A5-93B3-F7226B6AF2FA}"
EndProject
Project("{FAE04EC0-301F-11D3-BF4B-00C04F79EFBC}") = "LexiLink.Modules.Games.Infrastructure", "src\Modules\Games\Infrastructure\LexiLink.Modules.Games.Infrastructure.csproj", "{6B5B8970-E6C1-471F-8837-23A9ADB00781}"
EndProject
Project("{2150E333-8FDC-42A3-9474-1A3956D46DE8}") = "Tests", "Tests", "{1D2D978B-A209-11B9-99B2-327B8D166D90}"
EndProject
Project("{FAE04EC0-301F-11D3-BF4B-00C04F79EFBC}") = "LexiLink.Modules.Games.Tests", "src\Modules\Games\Tests\LexiLink.Modules.Games.Tests.csproj", "{C4DC8676-CF71-4CC5-9051-FB68FDE1315E}"
EndProject
Global
	GlobalSection(SolutionConfigurationPlatforms) = preSolution
		Debug|Any CPU = Debug|Any CPU
		Debug|x64 = Debug|x64
		Debug|x86 = Debug|x86
		Release|Any CPU = Release|Any CPU
		Release|x64 = Release|x64
		Release|x86 = Release|x86
	EndGlobalSection
	GlobalSection(ProjectConfigurationPlatforms) = postSolution
		{A59073AA-6C6D-2904-B23C-A2747DCD86D4}.Debug|Any CPU.ActiveCfg = Debug|Any CPU
		{A59073AA-6C6D-2904-B23C-A2747DCD86D4}.Debug|Any CPU.Build.0 = Debug|Any CPU
		{A59073AA-6C6D-2904-B23C-A2747DCD86D4}.Debug|x64.ActiveCfg = Debug|Any CPU
		{A59073AA-6C6D-2904-B23C-A2747DCD86D4}.Debug|x64.Build.0 = Debug|Any CPU
		{A59073AA-6C6D-2904-B23C-A2747DCD86D4}.Debug|x86.ActiveCfg = Debug|Any CPU
		{A59073AA-6C6D-2904-B23C-A2747DCD86D4}.Debug|x86.Build.0 = Debug|Any CPU
		{A59073AA-6C6D-2904-B23C-A2747DCD86D4}.Release|Any CPU.ActiveCfg = Release|Any CPU
		{A59073AA-6C6D-2904-B23C-A2747DCD86D4}.Release|Any CPU.Build.0 = Release|Any CPU
		{A59073AA-6C6D-2904-B23C-A2747DCD86D4}.Release|x64.ActiveCfg = Release|Any CPU
		{A59073AA-6C6D-2904-B23C-A2747DCD86D4}.Release|x64.Build.0 = Release|Any CPU
		{A59073AA-6C6D-2904-B23C-A2747DCD86D4}.Release|x86.ActiveCfg = Release|Any CPU
		{A59073AA-6C6D-2904-B23C-A2747DCD86D4}.Release|x86.Build.0 = Release|Any CPU
		{659A214A-C66E-0A88-FC83-692B8085DA26}.Debug|Any CPU.ActiveCfg = Debug|Any CPU
		{659A214A-C66E-0A88-FC83-692B8085DA26}.Debug|Any CPU.Build.0 = Debug|Any CPU
		{659A214A-C66E-0A88-FC83-692B8085DA26}.Debug|x64.ActiveCfg = Debug|Any CPU
		{659A214A-C66E-0A88-FC83-692B8085DA26}.Debug|x64.Build.0 = Debug|Any CPU
		{659A214A-C66E-0A88-FC83-692B8085DA26}.Debug|x86.ActiveCfg = Debug|Any CPU
		{659A214A-C66E-0A88-FC83-692B8085DA26}.Debug|x86.Build.0 = Debug|Any CPU
		{659A214A-C66E-0A88-FC83-692B8085DA26}.Release|Any CPU.ActiveCfg = Release|Any CPU
		{659A214A-C66E-0A88-FC83-692B8085DA26}.Release|Any CPU.Build.0 = Release|Any CPU
		{659A214A-C66E-0A88-FC83-692B8085DA26}.Release|x64.ActiveCfg = Release|Any CPU
		{659A214A-C66E-0A88-FC83-692B8085DA26}.Release|x64.Build.0 = Release|Any CPU
		{659A214A-C66E-0A88-FC83-692B8085DA26}.Release|x86.ActiveCfg = Release|Any CPU
		{659A214A-C66E-0A88-FC83-692B8085DA26}.Release|x86.Build.0 = Release|Any CPU
		{6987BB65-72D0-8E75-113C-A3C9E0A7CF6F}.Debug|Any CPU.ActiveCfg = Debug|Any CPU
		{6987BB65-72D0-8E75-113C-A3C9E0A7CF6F}.Debug|Any CPU.Build.0 = Debug|Any CPU
		{6987BB65-72D0-8E75-113C-A3C9E0A7CF6F}.Debug|x64.ActiveCfg = Debug|Any CPU
		{6987BB65-72D0-8E75-113C-A3C9E0A7CF6F}.Debug|x64.Build.0 = Debug|Any CPU
		{6987BB65-72D0-8E75-113C-A3C9E0A7CF6F}.Debug|x86.ActiveCfg = Debug|Any CPU
		{6987BB65-72D0-8E75-113C-A3C9E0A7CF6F}.Debug|x86.Build.0 = Debug|Any CPU
		{6987BB65-72D0-8E75-113C-A3C9E0A7CF6F}.Release|Any CPU.ActiveCfg = Release|Any CPU
		{6987BB65-72D0-8E75-113C-A3C9E0A7CF6F}.Release|Any CPU.Build.0 = Release|Any CPU
		{6987BB65-72D0-8E75-113C-A3C9E0A7CF6F}.Release|x64.ActiveCfg = Release|Any CPU
		{6987BB65-72D0-8E75-113C-A3C9E0A7CF6F}.Release|x64.Build.0 = Release|Any CPU
		{6987BB65-72D0-8E75-113C-A3C9E0A7CF6F}.Release|x86.ActiveCfg = Release|Any CPU
		{6987BB65-72D0-8E75-113C-A3C9E0A7CF6F}.Release|x86.Build.0 = Release|Any CPU
		{2237D468-2F3E-2880-6119-551B34C57F63}.Debug|Any CPU.ActiveCfg = Debug|Any CPU
		{2237D468-2F3E-2880-6119-551B34C57F63}.Debug|Any CPU.Build.0 = Debug|Any CPU
		{2237D468-2F3E-2880-6119-551B34C57F63}.Debug|x64.ActiveCfg = Debug|Any CPU
		{2237D468-2F3E-2880-6119-551B34C57F63}.Debug|x64.Build.0 = Debug|Any CPU
		{2237D468-2F3E-2880-6119-551B34C57F63}.Debug|x86.ActiveCfg = Debug|Any CPU
		{2237D468-2F3E-2880-6119-551B34C57F63}.Debug|x86.Build.0 = Debug|Any CPU
		{2237D468-2F3E-2880-6119-551B34C57F63}.Release|Any CPU.ActiveCfg = Release|Any CPU
		{2237D468-2F3E-2880-6119-551B34C57F63}.Release|Any CPU.Build.0 = Release|Any CPU
		{2237D468-2F3E-2880-6119-551B34C57F63}.Release|x64.ActiveCfg = Release|Any CPU
		{2237D468-2F3E-2880-6119-551B34C57F63}.Release|x64.Build.0 = Release|Any CPU
		{2237D468-2F3E-2880-6119-551B34C57F63}.Release|x86.ActiveCfg = Release|Any CPU
		{2237D468-2F3E-2880-6119-551B34C57F63}.Release|x86.Build.0 = Release|Any CPU
		{234D90CB-CE63-4F68-962F-81DAF50533FF}.Debug|Any CPU.ActiveCfg = Debug|Any CPU
		{234D90CB-CE63-4F68-962F-81DAF50533FF}.Debug|Any CPU.Build.0 = Debug|Any CPU
		{234D90CB-CE63-4F68-962F-81DAF50533FF}.Debug|x64.ActiveCfg = Debug|Any CPU
		{234D90CB-CE63-4F68-962F-81DAF50533FF}.Debug|x64.Build.0 = Debug|Any CPU
		{234D90CB-CE63-4F68-962F-81DAF50533FF}.Debug|x86.ActiveCfg = Debug|Any CPU
		{234D90CB-CE63-4F68-962F-81DAF50533FF}.Debug|x86.Build.0 = Debug|Any CPU
		{234D90CB-CE63-4F68-962F-81DAF50533FF}.Release|Any CPU.ActiveCfg = Release|Any CPU
		{234D90CB-CE63-4F68-962F-81DAF50533FF}.Release|Any CPU.Build.0 = Release|Any CPU
		{234D90CB-CE63-4F68-962F-81DAF50533FF}.Release|x64.ActiveCfg = Release|Any CPU
		{234D90CB-CE63-4F68-962F-81DAF50533FF}.Release|x64.Build.0 = Release|Any CPU
		{234D90CB-CE63-4F68-962F-81DAF50533FF}.Release|x86.ActiveCfg = Release|Any CPU
		{234D90CB-CE63-4F68-962F-81DAF50533FF}.Release|x86.Build.0 = Release|Any CPU
		{5A8006F0-0439-4C4D-B8B1-D4A6C5548D5D}.Debug|Any CPU.ActiveCfg = Debug|Any CPU
		{5A8006F0-0439-4C4D-B8B1-D4A6C5548D5D}.Debug|Any CPU.Build.0 = Debug|Any CPU
		{5A8006F0-0439-4C4D-B8B1-D4A6C5548D5D}.Debug|x64.ActiveCfg = Debug|Any CPU
		{5A8006F0-0439-4C4D-B8B1-D4A6C5548D5D}.Debug|x64.Build.0 = Debug|Any CPU
		{5A8006F0-0439-4C4D-B8B1-D4A6C5548D5D}.Debug|x86.ActiveCfg = Debug|Any CPU
		{5A8006F0-0439-4C4D-B8B1-D4A6C5548D5D}.Debug|x86.Build.0 = Debug|Any CPU
		{5A8006F0-0439-4C4D-B8B1-D4A6C5548D5D}.Release|Any CPU.ActiveCfg = Release|Any CPU
		{5A8006F0-0439-4C4D-B8B1-D4A6C5548D5D}.Release|Any CPU.Build.0 = Release|Any CPU
		{5A8006F0-0439-4C4D-B8B1-D4A6C5548D5D}.Release|x64.ActiveCfg = Release|Any CPU
		{5A8006F0-0439-4C4D-B8B1-D4A6C5548D5D}.Release|x64.Build.0 = Release|Any CPU
		{5A8006F0-0439-4C4D-B8B1-D4A6C5548D5D}.Release|x86.ActiveCfg = Release|Any CPU
		{5A8006F0-0439-4C4D-B8B1-D4A6C5548D5D}.Release|x86.Build.0 = Release|Any CPU
		{6B5B8970-E6C1-471F-8837-23A9ADB00781}.Debug|Any CPU.ActiveCfg = Debug|Any CPU
		{6B5B8970-E6C1-471F-8837-23A9ADB00781}.Debug|Any CPU.Build.0 = Debug|Any CPU
		{6B5B8970-E6C1-471F-8837-23A9ADB00781}.Debug|x64.ActiveCfg = Debug|Any CPU
		{6B5B8970-E6C1-471F-8837-23A9ADB00781}.Debug|x64.Build.0 = Debug|Any CPU
		{6B5B8970-E6C1-471F-8837-23A9ADB00781}.Debug|x86.ActiveCfg = Debug|Any CPU
		{6B5B8970-E6C1-471F-8837-23A9ADB00781}.Debug|x86.Build.0 = Debug|Any CPU
		{6B5B8970-E6C1-471F-8837-23A9ADB00781}.Release|Any CPU.ActiveCfg = Release|Any CPU
		{6B5B8970-E6C1-471F-8837-23A9ADB00781}.Release|Any CPU.Build.0 = Release|Any CPU
		{6B5B8970-E6C1-471F-8837-23A9ADB00781}.Release|x64.ActiveCfg = Release|Any CPU
		{6B5B8970-E6C1-471F-8837-23A9ADB00781}.Release|x64.Build.0 = Release|Any CPU
		{6B5B8970-E6C1-471F-8837-23A9ADB00781}.Release|x86.ActiveCfg = Release|Any CPU
		{6B5B8970-E6C1-471F-8837-23A9ADB00781}.Release|x86.Build.0 = Release|Any CPU
		{C4DC8676-CF71-4CC5-9051-FB68FDE1315E}.Debug|Any CPU.ActiveCfg = Debug|Any CPU
		{C4DC8676-CF71-4CC5-9051-FB68FDE1315E}.Debug|Any CPU.Build.0 = Debug|Any CPU
		{C4DC8676-CF71-4CC5-9051-FB68FDE1315E}.Debug|x64.ActiveCfg = Debug|Any CPU
		{C4DC8676-CF71-4CC5-9051-FB68FDE1315E}.Debug|x64.Build.0 = Debug|Any CPU
		{C4DC8676-CF71-4CC5-9051-FB68FDE1315E}.Debug|x86.ActiveCfg = Debug|Any CPU
		{C4DC8676-CF71-4CC5-9051-FB68FDE1315E}.Debug|x86.Build.0 = Debug|Any CPU
		{C4DC8676-CF71-4CC5-9051-FB68FDE1315E}.Release|Any CPU.ActiveCfg = Release|Any CPU
		{C4DC8676-CF71-4CC5-9051-FB68FDE1315E}.Release|Any CPU.Build.0 = Release|Any CPU
		{C4DC8676-CF71-4CC5-9051-FB68FDE1315E}.Release|x64.ActiveCfg = Release|Any CPU
		{C4DC8676-CF71-4CC5-9051-FB68FDE1315E}.Release|x64.Build.0 = Release|Any CPU
		{C4DC8676-CF71-4CC5-9051-FB68FDE1315E}.Release|x86.ActiveCfg = Release|Any CPU
		{C4DC8676-CF71-4CC5-9051-FB68FDE1315E}.Release|x86.Build.0 = Release|Any CPU
	EndGlobalSection
	GlobalSection(SolutionProperties) = preSolution
		HideSolutionNode = FALSE
	EndGlobalSection
	GlobalSection(NestedProjects) = preSolution
		{BFF2DF6E-AA54-47C7-211F-79ACCBB4577C} = {827E0CD3-B72D-47B6-A68D-7590B98EB39B}
		{1E89AB8A-3958-F0A1-8EA0-B56BC4D9D951} = {BFF2DF6E-AA54-47C7-211F-79ACCBB4577C}
		{A59073AA-6C6D-2904-B23C-A2747DCD86D4} = {1E89AB8A-3958-F0A1-8EA0-B56BC4D9D951}
		{460733CA-97C4-0498-8152-AFD04574B7DF} = {BFF2DF6E-AA54-47C7-211F-79ACCBB4577C}
		{659A214A-C66E-0A88-FC83-692B8085DA26} = {460733CA-97C4-0498-8152-AFD04574B7DF}
		{A7EAD07E-B348-E71A-606D-22094D44EB26} = {BFF2DF6E-AA54-47C7-211F-79ACCBB4577C}
		{6987BB65-72D0-8E75-113C-A3C9E0A7CF6F} = {A7EAD07E-B348-E71A-606D-22094D44EB26}
		{7C49CC06-6605-EC50-649C-17F29FF596C7} = {BFF2DF6E-AA54-47C7-211F-79ACCBB4577C}
		{2237D468-2F3E-2880-6119-551B34C57F63} = {7C49CC06-6605-EC50-649C-17F29FF596C7}
		{EC447DCF-ABFA-6E24-52A5-D7FD48A5C558} = {827E0CD3-B72D-47B6-A68D-7590B98EB39B}
		{58DEE2D7-32BD-537C-1E71-87AB6BD65F6F} = {EC447DCF-ABFA-6E24-52A5-D7FD48A5C558}
		{9A2AEFED-5B9F-1E66-FE85-41B7372D5E95} = {58DEE2D7-32BD-537C-1E71-87AB6BD65F6F}
		{234D90CB-CE63-4F68-962F-81DAF50533FF} = {9A2AEFED-5B9F-1E66-FE85-41B7372D5E95}
		{603471AC-7864-4569-147D-11C56D9E7885} = {58DEE2D7-32BD-537C-1E71-87AB6BD65F6F}
		{5A8006F0-0439-4C4D-B8B1-D4A6C5548D5D} = {603471AC-7864-4569-147D-11C56D9E7885}
		{59C513D0-E659-98A5-93B3-F7226B6AF2FA} = {58DEE2D7-32BD-537C-1E71-87AB6BD65F6F}
		{6B5B8970-E6C1-471F-8837-23A9ADB00781} = {59C513D0-E659-98A5-93B3-F7226B6AF2FA}
		{1D2D978B-A209-11B9-99B2-327B8D166D90} = {58DEE2D7-32BD-537C-1E71-87AB6BD65F6F}
		{C4DC8676-CF71-4CC5-9051-FB68FDE1315E} = {1D2D978B-A209-11B9-99B2-327B8D166D90}
	EndGlobalSection
	GlobalSection(ExtensibilityGlobals) = postSolution
		SolutionGuid = {F49965F4-6ED0-415E-B307-7318D097BBE4}
	EndGlobalSection
EndGlobal
