
Microsoft Visual Studio Solution File, Format Version 12.00
# Visual Studio Version 17
VisualStudioVersion = 17.5.2.0
MinimumVisualStudioVersion = 10.0.40219.1
Project("{2150E333-8FDC-42A3-9474-1A3956D46DE8}") = "src", "src", "{827E0CD3-B72D-47B6-A68D-7590B98EB39B}"
EndProject
Project("{2150E333-8FDC-42A3-9474-1A3956D46DE8}") = "Common", "Common", "{BFF2DF6E-AA54-47C7-211F-79ACCBB4577C}"
EndProject
Project("{2150E333-8FDC-42A3-9474-1A3956D46DE8}") = "Tests", "Tests", "{1E89AB8A-3958-F0A1-8EA0-B56BC4D9D951}"
EndProject
Project("{FAE04EC0-301F-11D3-BF4B-00C04F79EFBC}") = "LexiLink.Common.Tests", "src\Common\Tests\LexiLink.Common.Tests.csproj", "{A59073AA-6C6D-2904-B23C-A2747DCD86D4}"
EndProject
Project("{2150E333-8FDC-42A3-9474-1A3956D46DE8}") = "Application", "Application", "{460733CA-97C4-0498-8152-AFD04574B7DF}"
EndProject
Project("{FAE04EC0-301F-11D3-BF4B-00C04F79EFBC}") = "LexiLink.Common.Application", "src\Common\Application\LexiLink.Common.Application.csproj", "{659A214A-C66E-0A88-FC83-692B8085DA26}"
EndProject
Project("{2150E333-8FDC-42A3-9474-1A3956D46DE8}") = "Infrastructure", "Infrastructure", "{A7EAD07E-B348-E71A-606D-22094D44EB26}"
EndProject
Project("{FAE04EC0-301F-11D3-BF4B-00C04F79EFBC}") = "LexiLink.Common.Infrastructure", "src\Common\Infrastructure\LexiLink.Common.Infrastructure.csproj", "{6987BB65-72D0-8E75-113C-A3C9E0A7CF6F}"
EndProject
Project("{2150E333-8FDC-42A3-9474-1A3956D46DE8}") = "Domain", "Domain", "{7C49CC06-6605-EC50-649C-17F29FF596C7}"
EndProject
Project("{FAE04EC0-301F-11D3-BF4B-00C04F79EFBC}") = "LexiLink.Common.Domain", "src\Common\Domain\LexiLink.Common.Domain.csproj", "{2237D468-2F3E-2880-6119-551B34C57F63}"
EndProject
Project("{2150E333-8FDC-42A3-9474-1A3956D46DE8}") = "Modules", "Modules", "{EC447DCF-ABFA-6E24-52A5-D7FD48A5C558}"
EndProject
Project("{2150E333-8FDC-42A3-9474-1A3956D46DE8}") = "Games", "Games", "{58DEE2D7-32BD-537C-1E71-87AB6BD65F6F}"
EndProject
Project("{2150E333-8FDC-42A3-9474-1A3956D46DE8}") = "Domain", "Domain", "{9A2AEFED-5B9F-1E66-FE85-41B7372D5E95}"
EndProject
Project("{FAE04EC0-301F-11D3-BF4B-00C04F79EFBC}") = "LexiLink.Modules.Games.Domain", "src\Modules\Games\Domain\LexiLink.Modules.Games.Domain.csproj", "{234D90CB-CE63-4F68-962F-81DAF50533FF}"
EndProject
Project("{2150E333-8FDC-42A3-9474-1A3956D46DE8}") = "Application", "Application", "{603471AC-7864-4569-147D-11C56D9E7885}"
EndProject
Project("{FAE04EC0-301F-11D3-BF4B-00C04F79EFBC}") = "LexiLink.Modules.Games.Application", "src\Modules\Games\Application\LexiLink.Modules.Games.Application.csproj", "{5A8006F0-0439-4C4D-B8B1-D4A6C5548D5D}"
EndProject
Project("{2150E333-8FDC-42A3-9474-1A3956D46DE8}") = "Infrastructure", "Infrastructure", "{59C513D0-E659-98A5-93B3-F7226B6AF2FA}"
EndProject
Project("{FAE04EC0-301F-11D3-BF4B-00C04F79EFBC}") = "LexiLink.Modules.Games.Infrastructure", "src\Modules\Games\Infrastructure\LexiLink.Modules.Games.Infrastructure.csproj", "{6B5B8970-E6C1-471F-8837-23A9ADB00781}"
EndProject
Project("{2150E333-8FDC-42A3-9474-1A3956D46DE8}") = "Tests", "Tests", "{1D2D978B-A209-11B9-99B2-327B8D166D90}"
EndProject
Project("{FAE04EC0-301F-11D3-BF4B-00C04F79EFBC}") = "LexiLink.Modules.Games.Tests", "src\Modules\Games\Tests\LexiLink.Modules.Games.Tests.csproj", "{C4DC8676-CF71-4CC5-9051-FB68FDE1315E}"
EndProject
Project("{2150E333-8FDC-42A3-9474-1A3956D46DE8}") = "API", "API", "{81034408-37C8-1011-444E-4C15C2FADA8E}"
EndProject
Project("{FAE04EC0-301F-11D3-BF4B-00C04F79EFBC}") = "LexiLink.API", "src\API\LexiLink.API\LexiLink.API.csproj", "{3532A01B-A1F7-4F52-95C6-BC76A50B36FB}"
EndProject
Project("{2150E333-8FDC-42A3-9474-1A3956D46DE8}") = "Database", "Database", "{76D67ED7-F942-09D1-EB9C-5DD1CD93BD2D}"
EndProject
Project("{FAE04EC0-301F-11D3-BF4B-00C04F79EFBC}") = "LexiLink.DatabaseMigrator", "src\Database\LexiLink.DatabaseMigrator\LexiLink.DatabaseMigrator.csproj", "{A6A7423F-1344-45AA-B449-FF3E16BB5B8A}"
EndProject
Project("{2150E333-8FDC-42A3-9474-1A3956D46DE8}") = "IntegrationTests", "IntegrationTests", "{F8D139A9-5255-7DD0-85F2-110756701045}"
EndProject
Project("{FAE04EC0-301F-11D3-BF4B-00C04F79EFBC}") = "LexiLink.Modules.Games.IntegrationTests", "src\Modules\Games\IntegrationTests\LexiLink.Modules.Games.IntegrationTests.csproj", "{2A3128D9-9905-4CF8-8C23-DBD6FBC45571}"
EndProject
Project("{2150E333-8FDC-42A3-9474-1A3956D46DE8}") = "Modules", "Modules", "{CA253913-39DE-BFD0-C9A3-4B7EC6FBDF17}"
EndProject
Project("{FAE04EC0-301F-11D3-BF4B-00C04F79EFBC}") = "LexiLink.Modules.Players.Domain", "src\Modules\Players\Domain\LexiLink.Modules.Players.Domain.csproj", "{165CE4E7-C393-4D71-8BC9-1EAF494AF052}"
EndProject
Project("{FAE04EC0-301F-11D3-BF4B-00C04F79EFBC}") = "LexiLink.Modules.Players.Application", "src\Modules\Players\Application\LexiLink.Modules.Players.Application.csproj", "{55C5A6A0-F839-4FCC-A924-8B45A2D5FFA2}"
EndProject
Project("{FAE04EC0-301F-11D3-BF4B-00C04F79EFBC}") = "LexiLink.Modules.Players.Infrastructure", "src\Modules\Players\Infrastructure\LexiLink.Modules.Players.Infrastructure.csproj", "{B076BCED-D1E2-4B7F-8B04-12F18ED9784B}"
EndProject
Project("{FAE04EC0-301F-11D3-BF4B-00C04F79EFBC}") = "LexiLink.Modules.Players.Tests", "src\Modules\Players\Tests\LexiLink.Modules.Players.Tests.csproj", "{4D004A8E-6B1B-444A-9386-35BBA6A0E253}"
EndProject
Project("{2150E333-8FDC-42A3-9474-1A3956D46DE8}") = "Players", "Players", "{0B4108AE-85C7-A113-6C72-E1F9FEB73037}"
EndProject
Project("{2150E333-8FDC-42A3-9474-1A3956D46DE8}") = "IntegrationTests", "IntegrationTests", "{34B6B30B-2850-EC7F-189C-36937B2B532D}"
EndProject
Project("{FAE04EC0-301F-11D3-BF4B-00C04F79EFBC}") = "LexiLink.Modules.Players.IntegrationTests", "src\Modules\Players\IntegrationTests\LexiLink.Modules.Players.IntegrationTests.csproj", "{ECF2C436-ACBA-401E-ADE4-A7183211E367}"
EndProject
Project("{2150E333-8FDC-42A3-9474-1A3956D46DE8}") = "Tests", "Tests", "{0AB3BF05-4346-4AA6-1389-037BE0695223}"
EndProject
Project("{2150E333-8FDC-42A3-9474-1A3956D46DE8}") = "ArchitectureTests", "ArchitectureTests", "{8AD23086-AE11-148E-B2B6-9F0F94287E0D}"
EndProject
Project("{FAE04EC0-301F-11D3-BF4B-00C04F79EFBC}") = "LexiLink.ArchitectureTests", "src\Tests\ArchitectureTests\LexiLink.ArchitectureTests.csproj", "{998CC1B4-682A-46BC-8701-3F3FF609AF5F}"
EndProject
Project("{2150E333-8FDC-42A3-9474-1A3956D46DE8}") = "IntegrationEvents", "IntegrationEvents", "{E8693681-3C70-5F1A-990F-E45F6437C4DF}"
EndProject
Project("{FAE04EC0-301F-11D3-BF4B-00C04F79EFBC}") = "LexiLink.Modules.Games.IntegrationEvents", "src\Modules\Games\IntegrationEvents\LexiLink.Modules.Games.IntegrationEvents.csproj", "{B157A74F-16F1-4FCD-A3AB-17C3B2F0BA5F}"
EndProject
Project("{2150E333-8FDC-42A3-9474-1A3956D46DE8}") = "Players", "Players", "{517CE0BA-E7A7-4B64-AFB1-3C300CFAA00B}"
EndProject
Project("{2150E333-8FDC-42A3-9474-1A3956D46DE8}") = "IntegrationEvents", "IntegrationEvents", "{4F3F962C-AA42-0DC7-0759-34BCFB2F9C20}"
EndProject
Project("{FAE04EC0-301F-11D3-BF4B-00C04F79EFBC}") = "LexiLink.Modules.Players.IntegrationEvents", "src\Modules\Players\IntegrationEvents\LexiLink.Modules.Players.IntegrationEvents.csproj", "{A0FDDBF9-D38C-473E-9016-3C04650656C9}"
EndProject
Project("{2150E333-8FDC-42A3-9474-1A3956D46DE8}") = "Stats", "Stats", "{3D60B626-899F-EEAE-94DF-F2F4BE1F5A9D}"
EndProject
Project("{2150E333-8FDC-42A3-9474-1A3956D46DE8}") = "Application", "Application", "{7278F591-4BC4-4B53-0B49-F4AC872A826B}"
EndProject
Project("{FAE04EC0-301F-11D3-BF4B-00C04F79EFBC}") = "LexiLink.Modules.Stats.Application", "src\Modules\Stats\Application\LexiLink.Modules.Stats.Application.csproj", "{496F0DF9-488A-4200-A405-4BFB2D230CD9}"
EndProject
Project("{2150E333-8FDC-42A3-9474-1A3956D46DE8}") = "Infrastructure", "Infrastructure", "{73084047-C984-FF73-7BB6-8F778BEF28D0}"
EndProject
Project("{FAE04EC0-301F-11D3-BF4B-00C04F79EFBC}") = "LexiLink.Modules.Stats.Infrastructure", "src\Modules\Stats\Infrastructure\LexiLink.Modules.Stats.Infrastructure.csproj", "{242F7A76-C09D-4AB9-90D9-062E3A33343D}"
EndProject
Project("{2150E333-8FDC-42A3-9474-1A3956D46DE8}") = "IntegrationTests", "IntegrationTests", "{DE1B075A-D67C-E598-3827-43130B515729}"
EndProject
Project("{FAE04EC0-301F-11D3-BF4B-00C04F79EFBC}") = "LexiLink.Modules.Stats.IntegrationTests", "src\Modules\Stats\IntegrationTests\LexiLink.Modules.Stats.IntegrationTests.csproj", "{E40F2FB1-26A9-464C-91D5-3267BA2CC0BB}"
EndProject
Project("{2150E333-8FDC-42A3-9474-1A3956D46DE8}") = "Application", "Application", "{120B7C30-1BCF-B147-2B89-FF280A155DC0}"
EndProject
Project("{2150E333-8FDC-42A3-9474-1A3956D46DE8}") = "Infrastructure", "Infrastructure", "{72D30FB6-CE05-B4F1-A2F5-C8303B6884A7}"
EndProject
Project("{2150E333-8FDC-42A3-9474-1A3956D46DE8}") = "API", "API", "{D82C56D6-B2CD-F611-9E31-04638F7EC30E}"
EndProject
Project("{FAE04EC0-301F-11D3-BF4B-00C04F79EFBC}") = "LexiLink.API.Tests", "src\API\LexiLink.API.Tests\LexiLink.API.Tests.csproj", "{7B7BF114-DFC4-43D3-8E30-834D2DFA35D9}"
EndProject
Project("{2150E333-8FDC-42A3-9474-1A3956D46DE8}") = "Tools", "Tools", "{DCB6FCB8-FF92-AC57-0842-1F72A354D6B1}"
EndProject
Project("{FAE04EC0-301F-11D3-BF4B-00C04F79EFBC}") = "LexiLink.Tools.CategoryImporter", "src\Tools\LexiLink.Tools.CategoryImporter\LexiLink.Tools.CategoryImporter.csproj", "{76E6DC1E-948B-4367-BC50-07ACB7A24413}"
EndProject
Project("{2150E333-8FDC-42A3-9474-1A3956D46DE8}") = "Energy", "Energy", "{71622FA6-D0B9-2D7D-14F8-3ED305ADB580}"
EndProject
Project("{2150E333-8FDC-42A3-9474-1A3956D46DE8}") = "Domain", "Domain", "{A3B55932-00D8-D43C-937C-FFC8AB19D806}"
EndProject
Project("{FAE04EC0-301F-11D3-BF4B-00C04F79EFBC}") = "LexiLink.Modules.Energy.Domain", "src\Modules\Energy\Domain\LexiLink.Modules.Energy.Domain.csproj", "{355E040B-3B02-4E1E-B79E-D0D9818E5623}"
EndProject
Project("{2150E333-8FDC-42A3-9474-1A3956D46DE8}") = "Tests", "Tests", "{C5452504-5E65-0024-2207-23F7D934BE31}"
EndProject
Project("{FAE04EC0-301F-11D3-BF4B-00C04F79EFBC}") = "LexiLink.Modules.Energy.Tests", "src\Modules\Energy\Tests\LexiLink.Modules.Energy.Tests.csproj", "{1E67CAEC-9CDA-460D-BB25-20956B5A3638}"
EndProject
Project("{2150E333-8FDC-42A3-9474-1A3956D46DE8}") = "Application", "Application", "{C48D9E0E-EBAB-BD99-C0B7-19D2813D098A}"
EndProject
Project("{FAE04EC0-301F-11D3-BF4B-00C04F79EFBC}") = "LexiLink.Modules.Energy.Application", "src\Modules\Energy\Application\LexiLink.Modules.Energy.Application.csproj", "{2D32AC5A-6D9F-4550-891E-A9D9FDC6F2B8}"
EndProject
Project("{2150E333-8FDC-42A3-9474-1A3956D46DE8}") = "Infrastructure", "Infrastructure", "{DF4FBFF4-9BD8-5F77-629D-1BAA2A6DB64E}"
EndProject
Project("{FAE04EC0-301F-11D3-BF4B-00C04F79EFBC}") = "LexiLink.Modules.Energy.Infrastructure", "src\Modules\Energy\Infrastructure\LexiLink.Modules.Energy.Infrastructure.csproj", "{4DDDD975-ED83-47FF-B127-5D55367DB184}"
EndProject
Project("{2150E333-8FDC-42A3-9474-1A3956D46DE8}") = "IntegrationTests", "IntegrationTests", "{A0BD3E3F-DABB-8F0C-82B4-14234698678C}"
EndProject
Project("{FAE04EC0-301F-11D3-BF4B-00C04F79EFBC}") = "LexiLink.Modules.Energy.IntegrationTests", "src\Modules\Energy\IntegrationTests\LexiLink.Modules.Energy.IntegrationTests.csproj", "{3DE8C80D-16DC-494A-9838-7A9495C0B48C}"
EndProject
Project("{2150E333-8FDC-42A3-9474-1A3956D46DE8}") = "Quests", "Quests", "{1FA51A24-04EF-382C-80F7-745A08ED97FC}"
EndProject
Project("{2150E333-8FDC-42A3-9474-1A3956D46DE8}") = "Domain", "Domain", "{D79E9491-2433-2482-542F-57A6A5287211}"
EndProject
Project("{FAE04EC0-301F-11D3-BF4B-00C04F79EFBC}") = "LexiLink.Modules.Quests.Domain", "src\Modules\Quests\Domain\LexiLink.Modules.Quests.Domain.csproj", "{FA175984-B5A6-46C2-AF11-FFCBC61A6DD8}"
EndProject
Project("{2150E333-8FDC-42A3-9474-1A3956D46DE8}") = "Tests", "Tests", "{83ED5FC7-26F9-E0AE-77C5-E475714670F6}"
EndProject
Project("{FAE04EC0-301F-11D3-BF4B-00C04F79EFBC}") = "LexiLink.Modules.Quests.Tests", "src\Modules\Quests\Tests\LexiLink.Modules.Quests.Tests.csproj", "{E0FCF34D-6114-45FD-8ACA-F0CE4B666186}"
EndProject
Project("{2150E333-8FDC-42A3-9474-1A3956D46DE8}") = "Application", "Application", "{B81351C9-B02B-CA3A-0958-C497E6EA7591}"
EndProject
Project("{FAE04EC0-301F-11D3-BF4B-00C04F79EFBC}") = "LexiLink.Modules.Quests.Application", "src\Modules\Quests\Application\LexiLink.Modules.Quests.Application.csproj", "{DD6DB212-65B3-4622-A285-A68854B2998E}"
EndProject
Project("{2150E333-8FDC-42A3-9474-1A3956D46DE8}") = "Infrastructure", "Infrastructure", "{A1DB08E1-8B1F-F370-545D-009B2500C503}"
EndProject
Project("{FAE04EC0-301F-11D3-BF4B-00C04F79EFBC}") = "LexiLink.Modules.Quests.Infrastructure", "src\Modules\Quests\Infrastructure\LexiLink.Modules.Quests.Infrastructure.csproj", "{79EDDC4A-FC16-44A8-936D-E8BE3946CC3F}"
EndProject
Project("{2150E333-8FDC-42A3-9474-1A3956D46DE8}") = "IntegrationTests", "IntegrationTests", "{4819D643-9EE4-41B9-FFE9-BB4681619633}"
EndProject
Project("{FAE04EC0-301F-11D3-BF4B-00C04F79EFBC}") = "LexiLink.Modules.Quests.IntegrationTests", "src\Modules\Quests\IntegrationTests\LexiLink.Modules.Quests.IntegrationTests.csproj", "{A7C0C8AD-5DDE-4C59-9DF7-D272114D08FB}"
EndProject
Project("{2150E333-8FDC-42A3-9474-1A3956D46DE8}") = "IntegrationEvents", "IntegrationEvents", "{BDA323E4-09EA-218B-140A-2102CE5649F4}"
EndProject
Project("{FAE04EC0-301F-11D3-BF4B-00C04F79EFBC}") = "LexiLink.Modules.Quests.IntegrationEvents", "src\Modules\Quests\IntegrationEvents\LexiLink.Modules.Quests.IntegrationEvents.csproj", "{191C02AF-2FF7-44F8-843F-8702B513CFEC}"
EndProject
Project("{2150E333-8FDC-42A3-9474-1A3956D46DE8}") = "Administration", "Administration", "{CBFC7D09-D20A-3BD9-57E9-57A87E6AFCC2}"
EndProject
Project("{2150E333-8FDC-42A3-9474-1A3956D46DE8}") = "Domain", "Domain", "{1E92B5AD-CC29-E63D-2DD8-EDC154E73768}"
EndProject
Project("{FAE04EC0-301F-11D3-BF4B-00C04F79EFBC}") = "LexiLink.Modules.Administration.Domain", "src\Modules\Administration\Domain\LexiLink.Modules.Administration.Domain.csproj", "{83F7CD0A-AADD-4AE5-8741-7FEBC3481CCD}"
EndProject
Project("{2150E333-8FDC-42A3-9474-1A3956D46DE8}") = "Application", "Application", "{2F9A6E94-8563-EB68-3327-822ED705615B}"
EndProject
Project("{FAE04EC0-301F-11D3-BF4B-00C04F79EFBC}") = "LexiLink.Modules.Administration.Application", "src\Modules\Administration\Application\LexiLink.Modules.Administration.Application.csproj", "{DE4551AD-5C42-4254-8DCB-E1FA27CDDA35}"
EndProject
Project("{2150E333-8FDC-42A3-9474-1A3956D46DE8}") = "Infrastructure", "Infrastructure", "{3F54F0CF-35F5-45A2-8BC0-6E9B894FB413}"
EndProject
Project("{FAE04EC0-301F-11D3-BF4B-00C04F79EFBC}") = "LexiLink.Modules.Administration.Infrastructure", "src\Modules\Administration\Infrastructure\LexiLink.Modules.Administration.Infrastructure.csproj", "{77F4923D-8E7A-46E6-AC1F-164241BC3BC4}"
EndProject
Project("{2150E333-8FDC-42A3-9474-1A3956D46DE8}") = "IntegrationEvents", "IntegrationEvents", "{1AD97002-6AED-337B-ABA5-9A5796DF7A1A}"
EndProject
Project("{FAE04EC0-301F-11D3-BF4B-00C04F79EFBC}") = "LexiLink.Modules.Administration.IntegrationEvents", "src\Modules\Administration\IntegrationEvents\LexiLink.Modules.Administration.IntegrationEvents.csproj", "{6BAD64ED-B3CF-46D5-8124-7441F8A86966}"
EndProject
Project("{2150E333-8FDC-42A3-9474-1A3956D46DE8}") = "Tests", "Tests", "{54826803-AF6B-84A0-CBF0-D3B5568A3DFE}"
EndProject
Project("{FAE04EC0-301F-11D3-BF4B-00C04F79EFBC}") = "LexiLink.Modules.Administration.Tests", "src\Modules\Administration\Tests\LexiLink.Modules.Administration.Tests.csproj", "{BB39A523-EF1A-4F39-8A31-4BC1D65D7679}"
EndProject
Project("{2150E333-8FDC-42A3-9474-1A3956D46DE8}") = "IntegrationTests", "IntegrationTests", "{5D9D1BF5-B2C2-114C-50B3-F092E83276B0}"
EndProject
Project("{FAE04EC0-301F-11D3-BF4B-00C04F79EFBC}") = "LexiLink.Modules.Administration.IntegrationTests", "src\Modules\Administration\IntegrationTests\LexiLink.Modules.Administration.IntegrationTests.csproj", "{4FB32D81-ED7C-4385-B261-2218C4C6A374}"
EndProject
Project("{2150E333-8FDC-42A3-9474-1A3956D46DE8}") = "Hint", "Hint", "{C881398D-578E-5DAE-A727-A31593E5F0B8}"
EndProject
Project("{2150E333-8FDC-42A3-9474-1A3956D46DE8}") = "Domain", "Domain", "{D8103BE3-D10F-4699-6F1B-936CC10A5E83}"
EndProject
Project("{FAE04EC0-301F-11D3-BF4B-00C04F79EFBC}") = "LexiLink.Modules.Hint.Domain", "src\Modules\Hint\Domain\LexiLink.Modules.Hint.Domain.csproj", "{82465C50-796B-49B4-B16D-250BBBE4C7AF}"
EndProject
Project("{2150E333-8FDC-42A3-9474-1A3956D46DE8}") = "Application", "Application", "{6E067DDE-E176-D889-FDF9-9A23F3A32F68}"
EndProject
Project("{FAE04EC0-301F-11D3-BF4B-00C04F79EFBC}") = "LexiLink.Modules.Hint.Application", "src\Modules\Hint\Application\LexiLink.Modules.Hint.Application.csproj", "{9A584E60-CC30-455C-843A-39E9F3DB695A}"
EndProject
Project("{2150E333-8FDC-42A3-9474-1A3956D46DE8}") = "Infrastructure", "Infrastructure", "{9D8D6715-607F-296B-2CF6-4FD2EF18E504}"
EndProject
Project("{FAE04EC0-301F-11D3-BF4B-00C04F79EFBC}") = "LexiLink.Modules.Hint.Infrastructure", "src\Modules\Hint\Infrastructure\LexiLink.Modules.Hint.Infrastructure.csproj", "{03C5CF43-D896-4472-9162-6B3C82FC2ECE}"
EndProject
Project("{2150E333-8FDC-42A3-9474-1A3956D46DE8}") = "Tests", "Tests", "{652FCEF9-367A-C055-6821-67460BBD6A2A}"
EndProject
Project("{FAE04EC0-301F-11D3-BF4B-00C04F79EFBC}") = "LexiLink.Modules.Hint.Tests", "src\Modules\Hint\Tests\LexiLink.Modules.Hint.Tests.csproj", "{D5CD7AB4-0F94-49CA-A3BA-7D9E1254B2C3}"
EndProject
Project("{2150E333-8FDC-42A3-9474-1A3956D46DE8}") = "IntegrationTests", "IntegrationTests", "{E9C3560E-D274-CC6D-7C06-B77790CE93C7}"
EndProject
Project("{FAE04EC0-301F-11D3-BF4B-00C04F79EFBC}") = "LexiLink.Modules.Hint.IntegrationTests", "src\Modules\Hint\IntegrationTests\LexiLink.Modules.Hint.IntegrationTests.csproj", "{C1155A6D-3CD5-45AB-B1D4-D611E4C8A236}"
EndProject
Global
	GlobalSection(SolutionConfigurationPlatforms) = preSolution
		Debug|Any CPU = Debug|Any CPU
		Debug|x64 = Debug|x64
		Debug|x86 = Debug|x86
		Release|Any CPU = Release|Any CPU
		Release|x64 = Release|x64
		Release|x86 = Release|x86
	EndGlobalSection
	GlobalSection(ProjectConfigurationPlatforms) = postSolution
		{A59073AA-6C6D-2904-B23C-A2747DCD86D4}.Debug|Any CPU.ActiveCfg = Debug|Any CPU
		{A59073AA-6C6D-2904-B23C-A2747DCD86D4}.Debug|Any CPU.Build.0 = Debug|Any CPU
		{A59073AA-6C6D-2904-B23C-A2747DCD86D4}.Debug|x64.ActiveCfg = Debug|Any CPU
		{A59073AA-6C6D-2904-B23C-A2747DCD86D4}.Debug|x64.Build.0 = Debug|Any CPU
		{A59073AA-6C6D-2904-B23C-A2747DCD86D4}.Debug|x86.ActiveCfg = Debug|Any CPU
		{A59073AA-6C6D-2904-B23C-A2747DCD86D4}.Debug|x86.Build.0 = Debug|Any CPU
		{A59073AA-6C6D-2904-B23C-A2747DCD86D4}.Release|Any CPU.ActiveCfg = Release|Any CPU
		{A59073AA-6C6D-2904-B23C-A2747DCD86D4}.Release|Any CPU.Build.0 = Release|Any CPU
		{A59073AA-6C6D-2904-B23C-A2747DCD86D4}.Release|x64.ActiveCfg = Release|Any CPU
		{A59073AA-6C6D-2904-B23C-A2747DCD86D4}.Release|x64.Build.0 = Release|Any CPU
		{A59073AA-6C6D-2904-B23C-A2747DCD86D4}.Release|x86.ActiveCfg = Release|Any CPU
		{A59073AA-6C6D-2904-B23C-A2747DCD86D4}.Release|x86.Build.0 = Release|Any CPU
		{659A214A-C66E-0A88-FC83-692B8085DA26}.Debug|Any CPU.ActiveCfg = Debug|Any CPU
		{659A214A-C66E-0A88-FC83-692B8085DA26}.Debug|Any CPU.Build.0 = Debug|Any CPU
		{659A214A-C66E-0A88-FC83-692B8085DA26}.Debug|x64.ActiveCfg = Debug|Any CPU
		{659A214A-C66E-0A88-FC83-692B8085DA26}.Debug|x64.Build.0 = Debug|Any CPU
		{659A214A-C66E-0A88-FC83-692B8085DA26}.Debug|x86.ActiveCfg = Debug|Any CPU
		{659A214A-C66E-0A88-FC83-692B8085DA26}.Debug|x86.Build.0 = Debug|Any CPU
		{659A214A-C66E-0A88-FC83-692B8085DA26}.Release|Any CPU.ActiveCfg = Release|Any CPU
		{659A214A-C66E-0A88-FC83-692B8085DA26}.Release|Any CPU.Build.0 = Release|Any CPU
		{659A214A-C66E-0A88-FC83-692B8085DA26}.Release|x64.ActiveCfg = Release|Any CPU
		{659A214A-C66E-0A88-FC83-692B8085DA26}.Release|x64.Build.0 = Release|Any CPU
		{659A214A-C66E-0A88-FC83-692B8085DA26}.Release|x86.ActiveCfg = Release|Any CPU
		{659A214A-C66E-0A88-FC83-692B8085DA26}.Release|x86.Build.0 = Release|Any CPU
		{6987BB65-72D0-8E75-113C-A3C9E0A7CF6F}.Debug|Any CPU.ActiveCfg = Debug|Any CPU
		{6987BB65-72D0-8E75-113C-A3C9E0A7CF6F}.Debug|Any CPU.Build.0 = Debug|Any CPU
		{6987BB65-72D0-8E75-113C-A3C9E0A7CF6F}.Debug|x64.ActiveCfg = Debug|Any CPU
		{6987BB65-72D0-8E75-113C-A3C9E0A7CF6F}.Debug|x64.Build.0 = Debug|Any CPU
		{6987BB65-72D0-8E75-113C-A3C9E0A7CF6F}.Debug|x86.ActiveCfg = Debug|Any CPU
		{6987BB65-72D0-8E75-113C-A3C9E0A7CF6F}.Debug|x86.Build.0 = Debug|Any CPU
		{6987BB65-72D0-8E75-113C-A3C9E0A7CF6F}.Release|Any CPU.ActiveCfg = Release|Any CPU
		{6987BB65-72D0-8E75-113C-A3C9E0A7CF6F}.Release|Any CPU.Build.0 = Release|Any CPU
		{6987BB65-72D0-8E75-113C-A3C9E0A7CF6F}.Release|x64.ActiveCfg = Release|Any CPU
		{6987BB65-72D0-8E75-113C-A3C9E0A7CF6F}.Release|x64.Build.0 = Release|Any CPU
		{6987BB65-72D0-8E75-113C-A3C9E0A7CF6F}.Release|x86.ActiveCfg = Release|Any CPU
		{6987BB65-72D0-8E75-113C-A3C9E0A7CF6F}.Release|x86.Build.0 = Release|Any CPU
		{2237D468-2F3E-2880-6119-551B34C57F63}.Debug|Any CPU.ActiveCfg = Debug|Any CPU
		{2237D468-2F3E-2880-6119-551B34C57F63}.Debug|Any CPU.Build.0 = Debug|Any CPU
		{2237D468-2F3E-2880-6119-551B34C57F63}.Debug|x64.ActiveCfg = Debug|Any CPU
		{2237D468-2F3E-2880-6119-551B34C57F63}.Debug|x64.Build.0 = Debug|Any CPU
		{2237D468-2F3E-2880-6119-551B34C57F63}.Debug|x86.ActiveCfg = Debug|Any CPU
		{2237D468-2F3E-2880-6119-551B34C57F63}.Debug|x86.Build.0 = Debug|Any CPU
		{2237D468-2F3E-2880-6119-551B34C57F63}.Release|Any CPU.ActiveCfg = Release|Any CPU
		{2237D468-2F3E-2880-6119-551B34C57F63}.Release|Any CPU.Build.0 = Release|Any CPU
		{2237D468-2F3E-2880-6119-551B34C57F63}.Release|x64.ActiveCfg = Release|Any CPU
		{2237D468-2F3E-2880-6119-551B34C57F63}.Release|x64.Build.0 = Release|Any CPU
		{2237D468-2F3E-2880-6119-551B34C57F63}.Release|x86.ActiveCfg = Release|Any CPU
		{2237D468-2F3E-2880-6119-551B34C57F63}.Release|x86.Build.0 = Release|Any CPU
		{234D90CB-CE63-4F68-962F-81DAF50533FF}.Debug|Any CPU.ActiveCfg = Debug|Any CPU
		{234D90CB-CE63-4F68-962F-81DAF50533FF}.Debug|Any CPU.Build.0 = Debug|Any CPU
		{234D90CB-CE63-4F68-962F-81DAF50533FF}.Debug|x64.ActiveCfg = Debug|Any CPU
		{234D90CB-CE63-4F68-962F-81DAF50533FF}.Debug|x64.Build.0 = Debug|Any CPU
		{234D90CB-CE63-4F68-962F-81DAF50533FF}.Debug|x86.ActiveCfg = Debug|Any CPU
		{234D90CB-CE63-4F68-962F-81DAF50533FF}.Debug|x86.Build.0 = Debug|Any CPU
		{234D90CB-CE63-4F68-962F-81DAF50533FF}.Release|Any CPU.ActiveCfg = Release|Any CPU
		{234D90CB-CE63-4F68-962F-81DAF50533FF}.Release|Any CPU.Build.0 = Release|Any CPU
		{234D90CB-CE63-4F68-962F-81DAF50533FF}.Release|x64.ActiveCfg = Release|Any CPU
		{234D90CB-CE63-4F68-962F-81DAF50533FF}.Release|x64.Build.0 = Release|Any CPU
		{234D90CB-CE63-4F68-962F-81DAF50533FF}.Release|x86.ActiveCfg = Release|Any CPU
		{234D90CB-CE63-4F68-962F-81DAF50533FF}.Release|x86.Build.0 = Release|Any CPU
		{5A8006F0-0439-4C4D-B8B1-D4A6C5548D5D}.Debug|Any CPU.ActiveCfg = Debug|Any CPU
		{5A8006F0-0439-4C4D-B8B1-D4A6C5548D5D}.Debug|Any CPU.Build.0 = Debug|Any CPU
		{5A8006F0-0439-4C4D-B8B1-D4A6C5548D5D}.Debug|x64.ActiveCfg = Debug|Any CPU
		{5A8006F0-0439-4C4D-B8B1-D4A6C5548D5D}.Debug|x64.Build.0 = Debug|Any CPU
		{5A8006F0-0439-4C4D-B8B1-D4A6C5548D5D}.Debug|x86.ActiveCfg = Debug|Any CPU
		{5A8006F0-0439-4C4D-B8B1-D4A6C5548D5D}.Debug|x86.Build.0 = Debug|Any CPU
		{5A8006F0-0439-4C4D-B8B1-D4A6C5548D5D}.Release|Any CPU.ActiveCfg = Release|Any CPU
		{5A8006F0-0439-4C4D-B8B1-D4A6C5548D5D}.Release|Any CPU.Build.0 = Release|Any CPU
		{5A8006F0-0439-4C4D-B8B1-D4A6C5548D5D}.Release|x64.ActiveCfg = Release|Any CPU
		{5A8006F0-0439-4C4D-B8B1-D4A6C5548D5D}.Release|x64.Build.0 = Release|Any CPU
		{5A8006F0-0439-4C4D-B8B1-D4A6C5548D5D}.Release|x86.ActiveCfg = Release|Any CPU
		{5A8006F0-0439-4C4D-B8B1-D4A6C5548D5D}.Release|x86.Build.0 = Release|Any CPU
		{6B5B8970-E6C1-471F-8837-23A9ADB00781}.Debug|Any CPU.ActiveCfg = Debug|Any CPU
		{6B5B8970-E6C1-471F-8837-23A9ADB00781}.Debug|Any CPU.Build.0 = Debug|Any CPU
		{6B5B8970-E6C1-471F-8837-23A9ADB00781}.Debug|x64.ActiveCfg = Debug|Any CPU
		{6B5B8970-E6C1-471F-8837-23A9ADB00781}.Debug|x64.Build.0 = Debug|Any CPU
		{6B5B8970-E6C1-471F-8837-23A9ADB00781}.Debug|x86.ActiveCfg = Debug|Any CPU
		{6B5B8970-E6C1-471F-8837-23A9ADB00781}.Debug|x86.Build.0 = Debug|Any CPU
		{6B5B8970-E6C1-471F-8837-23A9ADB00781}.Release|Any CPU.ActiveCfg = Release|Any CPU
		{6B5B8970-E6C1-471F-8837-23A9ADB00781}.Release|Any CPU.Build.0 = Release|Any CPU
		{6B5B8970-E6C1-471F-8837-23A9ADB00781}.Release|x64.ActiveCfg = Release|Any CPU
		{6B5B8970-E6C1-471F-8837-23A9ADB00781}.Release|x64.Build.0 = Release|Any CPU
		{6B5B8970-E6C1-471F-8837-23A9ADB00781}.Release|x86.ActiveCfg = Release|Any CPU
		{6B5B8970-E6C1-471F-8837-23A9ADB00781}.Release|x86.Build.0 = Release|Any CPU
		{C4DC8676-CF71-4CC5-9051-FB68FDE1315E}.Debug|Any CPU.ActiveCfg = Debug|Any CPU
		{C4DC8676-CF71-4CC5-9051-FB68FDE1315E}.Debug|Any CPU.Build.0 = Debug|Any CPU
		{C4DC8676-CF71-4CC5-9051-FB68FDE1315E}.Debug|x64.ActiveCfg = Debug|Any CPU
		{C4DC8676-CF71-4CC5-9051-FB68FDE1315E}.Debug|x64.Build.0 = Debug|Any CPU
		{C4DC8676-CF71-4CC5-9051-FB68FDE1315E}.Debug|x86.ActiveCfg = Debug|Any CPU
		{C4DC8676-CF71-4CC5-9051-FB68FDE1315E}.Debug|x86.Build.0 = Debug|Any CPU
		{C4DC8676-CF71-4CC5-9051-FB68FDE1315E}.Release|Any CPU.ActiveCfg = Release|Any CPU
		{C4DC8676-CF71-4CC5-9051-FB68FDE1315E}.Release|Any CPU.Build.0 = Release|Any CPU
		{C4DC8676-CF71-4CC5-9051-FB68FDE1315E}.Release|x64.ActiveCfg = Release|Any CPU
		{C4DC8676-CF71-4CC5-9051-FB68FDE1315E}.Release|x64.Build.0 = Release|Any CPU
		{C4DC8676-CF71-4CC5-9051-FB68FDE1315E}.Release|x86.ActiveCfg = Release|Any CPU
		{C4DC8676-CF71-4CC5-9051-FB68FDE1315E}.Release|x86.Build.0 = Release|Any CPU
		{3532A01B-A1F7-4F52-95C6-BC76A50B36FB}.Debug|Any CPU.ActiveCfg = Debug|Any CPU
		{3532A01B-A1F7-4F52-95C6-BC76A50B36FB}.Debug|Any CPU.Build.0 = Debug|Any CPU
		{3532A01B-A1F7-4F52-95C6-BC76A50B36FB}.Debug|x64.ActiveCfg = Debug|Any CPU
		{3532A01B-A1F7-4F52-95C6-BC76A50B36FB}.Debug|x64.Build.0 = Debug|Any CPU
		{3532A01B-A1F7-4F52-95C6-BC76A50B36FB}.Debug|x86.ActiveCfg = Debug|Any CPU
		{3532A01B-A1F7-4F52-95C6-BC76A50B36FB}.Debug|x86.Build.0 = Debug|Any CPU
		{3532A01B-A1F7-4F52-95C6-BC76A50B36FB}.Release|Any CPU.ActiveCfg = Release|Any CPU
		{3532A01B-A1F7-4F52-95C6-BC76A50B36FB}.Release|Any CPU.Build.0 = Release|Any CPU
		{3532A01B-A1F7-4F52-95C6-BC76A50B36FB}.Release|x64.ActiveCfg = Release|Any CPU
		{3532A01B-A1F7-4F52-95C6-BC76A50B36FB}.Release|x64.Build.0 = Release|Any CPU
		{3532A01B-A1F7-4F52-95C6-BC76A50B36FB}.Release|x86.ActiveCfg = Release|Any CPU
		{3532A01B-A1F7-4F52-95C6-BC76A50B36FB}.Release|x86.Build.0 = Release|Any CPU
		{A6A7423F-1344-45AA-B449-FF3E16BB5B8A}.Debug|Any CPU.ActiveCfg = Debug|Any CPU
		{A6A7423F-1344-45AA-B449-FF3E16BB5B8A}.Debug|Any CPU.Build.0 = Debug|Any CPU
		{A6A7423F-1344-45AA-B449-FF3E16BB5B8A}.Debug|x64.ActiveCfg = Debug|Any CPU
		{A6A7423F-1344-45AA-B449-FF3E16BB5B8A}.Debug|x64.Build.0 = Debug|Any CPU
		{A6A7423F-1344-45AA-B449-FF3E16BB5B8A}.Debug|x86.ActiveCfg = Debug|Any CPU
		{A6A7423F-1344-45AA-B449-FF3E16BB5B8A}.Debug|x86.Build.0 = Debug|Any CPU
		{A6A7423F-1344-45AA-B449-FF3E16BB5B8A}.Release|Any CPU.ActiveCfg = Release|Any CPU
		{A6A7423F-1344-45AA-B449-FF3E16BB5B8A}.Release|Any CPU.Build.0 = Release|Any CPU
		{A6A7423F-1344-45AA-B449-FF3E16BB5B8A}.Release|x64.ActiveCfg = Release|Any CPU
		{A6A7423F-1344-45AA-B449-FF3E16BB5B8A}.Release|x64.Build.0 = Release|Any CPU
		{A6A7423F-1344-45AA-B449-FF3E16BB5B8A}.Release|x86.ActiveCfg = Release|Any CPU
		{A6A7423F-1344-45AA-B449-FF3E16BB5B8A}.Release|x86.Build.0 = Release|Any CPU
		{2A3128D9-9905-4CF8-8C23-DBD6FBC45571}.Debug|Any CPU.ActiveCfg = Debug|Any CPU
		{2A3128D9-9905-4CF8-8C23-DBD6FBC45571}.Debug|Any CPU.Build.0 = Debug|Any CPU
		{2A3128D9-9905-4CF8-8C23-DBD6FBC45571}.Debug|x64.ActiveCfg = Debug|Any CPU
		{2A3128D9-9905-4CF8-8C23-DBD6FBC45571}.Debug|x64.Build.0 = Debug|Any CPU
		{2A3128D9-9905-4CF8-8C23-DBD6FBC45571}.Debug|x86.ActiveCfg = Debug|Any CPU
		{2A3128D9-9905-4CF8-8C23-DBD6FBC45571}.Debug|x86.Build.0 = Debug|Any CPU
		{2A3128D9-9905-4CF8-8C23-DBD6FBC45571}.Release|Any CPU.ActiveCfg = Release|Any CPU
		{2A3128D9-9905-4CF8-8C23-DBD6FBC45571}.Release|Any CPU.Build.0 = Release|Any CPU
		{2A3128D9-9905-4CF8-8C23-DBD6FBC45571}.Release|x64.ActiveCfg = Release|Any CPU
		{2A3128D9-9905-4CF8-8C23-DBD6FBC45571}.Release|x64.Build.0 = Release|Any CPU
		{2A3128D9-9905-4CF8-8C23-DBD6FBC45571}.Release|x86.ActiveCfg = Release|Any CPU
		{2A3128D9-9905-4CF8-8C23-DBD6FBC45571}.Release|x86.Build.0 = Release|Any CPU
		{165CE4E7-C393-4D71-8BC9-1EAF494AF052}.Debug|Any CPU.ActiveCfg = Debug|Any CPU
		{165CE4E7-C393-4D71-8BC9-1EAF494AF052}.Debug|Any CPU.Build.0 = Debug|Any CPU
		{165CE4E7-C393-4D71-8BC9-1EAF494AF052}.Debug|x64.ActiveCfg = Debug|Any CPU
		{165CE4E7-C393-4D71-8BC9-1EAF494AF052}.Debug|x64.Build.0 = Debug|Any CPU
		{165CE4E7-C393-4D71-8BC9-1EAF494AF052}.Debug|x86.ActiveCfg = Debug|Any CPU
		{165CE4E7-C393-4D71-8BC9-1EAF494AF052}.Debug|x86.Build.0 = Debug|Any CPU
		{165CE4E7-C393-4D71-8BC9-1EAF494AF052}.Release|Any CPU.ActiveCfg = Release|Any CPU
		{165CE4E7-C393-4D71-8BC9-1EAF494AF052}.Release|Any CPU.Build.0 = Release|Any CPU
		{165CE4E7-C393-4D71-8BC9-1EAF494AF052}.Release|x64.ActiveCfg = Release|Any CPU
		{165CE4E7-C393-4D71-8BC9-1EAF494AF052}.Release|x64.Build.0 = Release|Any CPU
		{165CE4E7-C393-4D71-8BC9-1EAF494AF052}.Release|x86.ActiveCfg = Release|Any CPU
		{165CE4E7-C393-4D71-8BC9-1EAF494AF052}.Release|x86.Build.0 = Release|Any CPU
		{55C5A6A0-F839-4FCC-A924-8B45A2D5FFA2}.Debug|Any CPU.ActiveCfg = Debug|Any CPU
		{55C5A6A0-F839-4FCC-A924-8B45A2D5FFA2}.Debug|Any CPU.Build.0 = Debug|Any CPU
		{55C5A6A0-F839-4FCC-A924-8B45A2D5FFA2}.Debug|x64.ActiveCfg = Debug|Any CPU
		{55C5A6A0-F839-4FCC-A924-8B45A2D5FFA2}.Debug|x64.Build.0 = Debug|Any CPU
		{55C5A6A0-F839-4FCC-A924-8B45A2D5FFA2}.Debug|x86.ActiveCfg = Debug|Any CPU
		{55C5A6A0-F839-4FCC-A924-8B45A2D5FFA2}.Debug|x86.Build.0 = Debug|Any CPU
		{55C5A6A0-F839-4FCC-A924-8B45A2D5FFA2}.Release|Any CPU.ActiveCfg = Release|Any CPU
		{55C5A6A0-F839-4FCC-A924-8B45A2D5FFA2}.Release|Any CPU.Build.0 = Release|Any CPU
		{55C5A6A0-F839-4FCC-A924-8B45A2D5FFA2}.Release|x64.ActiveCfg = Release|Any CPU
		{55C5A6A0-F839-4FCC-A924-8B45A2D5FFA2}.Release|x64.Build.0 = Release|Any CPU
		{55C5A6A0-F839-4FCC-A924-8B45A2D5FFA2}.Release|x86.ActiveCfg = Release|Any CPU
		{55C5A6A0-F839-4FCC-A924-8B45A2D5FFA2}.Release|x86.Build.0 = Release|Any CPU
		{B076BCED-D1E2-4B7F-8B04-12F18ED9784B}.Debug|Any CPU.ActiveCfg = Debug|Any CPU
		{B076BCED-D1E2-4B7F-8B04-12F18ED9784B}.Debug|Any CPU.Build.0 = Debug|Any CPU
		{B076BCED-D1E2-4B7F-8B04-12F18ED9784B}.Debug|x64.ActiveCfg = Debug|Any CPU
		{B076BCED-D1E2-4B7F-8B04-12F18ED9784B}.Debug|x64.Build.0 = Debug|Any CPU
		{B076BCED-D1E2-4B7F-8B04-12F18ED9784B}.Debug|x86.ActiveCfg = Debug|Any CPU
		{B076BCED-D1E2-4B7F-8B04-12F18ED9784B}.Debug|x86.Build.0 = Debug|Any CPU
		{B076BCED-D1E2-4B7F-8B04-12F18ED9784B}.Release|Any CPU.ActiveCfg = Release|Any CPU
		{B076BCED-D1E2-4B7F-8B04-12F18ED9784B}.Release|Any CPU.Build.0 = Release|Any CPU
		{B076BCED-D1E2-4B7F-8B04-12F18ED9784B}.Release|x64.ActiveCfg = Release|Any CPU
		{B076BCED-D1E2-4B7F-8B04-12F18ED9784B}.Release|x64.Build.0 = Release|Any CPU
		{B076BCED-D1E2-4B7F-8B04-12F18ED9784B}.Release|x86.ActiveCfg = Release|Any CPU
		{B076BCED-D1E2-4B7F-8B04-12F18ED9784B}.Release|x86.Build.0 = Release|Any CPU
		{4D004A8E-6B1B-444A-9386-35BBA6A0E253}.Debug|Any CPU.ActiveCfg = Debug|Any CPU
		{4D004A8E-6B1B-444A-9386-35BBA6A0E253}.Debug|Any CPU.Build.0 = Debug|Any CPU
		{4D004A8E-6B1B-444A-9386-35BBA6A0E253}.Debug|x64.ActiveCfg = Debug|Any CPU
		{4D004A8E-6B1B-444A-9386-35BBA6A0E253}.Debug|x64.Build.0 = Debug|Any CPU
		{4D004A8E-6B1B-444A-9386-35BBA6A0E253}.Debug|x86.ActiveCfg = Debug|Any CPU
		{4D004A8E-6B1B-444A-9386-35BBA6A0E253}.Debug|x86.Build.0 = Debug|Any CPU
		{4D004A8E-6B1B-444A-9386-35BBA6A0E253}.Release|Any CPU.ActiveCfg = Release|Any CPU
		{4D004A8E-6B1B-444A-9386-35BBA6A0E253}.Release|Any CPU.Build.0 = Release|Any CPU
		{4D004A8E-6B1B-444A-9386-35BBA6A0E253}.Release|x64.ActiveCfg = Release|Any CPU
		{4D004A8E-6B1B-444A-9386-35BBA6A0E253}.Release|x64.Build.0 = Release|Any CPU
		{4D004A8E-6B1B-444A-9386-35BBA6A0E253}.Release|x86.ActiveCfg = Release|Any CPU
		{4D004A8E-6B1B-444A-9386-35BBA6A0E253}.Release|x86.Build.0 = Release|Any CPU
		{ECF2C436-ACBA-401E-ADE4-A7183211E367}.Debug|Any CPU.ActiveCfg = Debug|Any CPU
		{ECF2C436-ACBA-401E-ADE4-A7183211E367}.Debug|Any CPU.Build.0 = Debug|Any CPU
		{ECF2C436-ACBA-401E-ADE4-A7183211E367}.Debug|x64.ActiveCfg = Debug|Any CPU
		{ECF2C436-ACBA-401E-ADE4-A7183211E367}.Debug|x64.Build.0 = Debug|Any CPU
		{ECF2C436-ACBA-401E-ADE4-A7183211E367}.Debug|x86.ActiveCfg = Debug|Any CPU
		{ECF2C436-ACBA-401E-ADE4-A7183211E367}.Debug|x86.Build.0 = Debug|Any CPU
		{ECF2C436-ACBA-401E-ADE4-A7183211E367}.Release|Any CPU.ActiveCfg = Release|Any CPU
		{ECF2C436-ACBA-401E-ADE4-A7183211E367}.Release|Any CPU.Build.0 = Release|Any CPU
		{ECF2C436-ACBA-401E-ADE4-A7183211E367}.Release|x64.ActiveCfg = Release|Any CPU
		{ECF2C436-ACBA-401E-ADE4-A7183211E367}.Release|x64.Build.0 = Release|Any CPU
		{ECF2C436-ACBA-401E-ADE4-A7183211E367}.Release|x86.ActiveCfg = Release|Any CPU
		{ECF2C436-ACBA-401E-ADE4-A7183211E367}.Release|x86.Build.0 = Release|Any CPU
		{998CC1B4-682A-46BC-8701-3F3FF609AF5F}.Debug|Any CPU.ActiveCfg = Debug|Any CPU
		{998CC1B4-682A-46BC-8701-3F3FF609AF5F}.Debug|Any CPU.Build.0 = Debug|Any CPU
		{998CC1B4-682A-46BC-8701-3F3FF609AF5F}.Debug|x64.ActiveCfg = Debug|Any CPU
		{998CC1B4-682A-46BC-8701-3F3FF609AF5F}.Debug|x64.Build.0 = Debug|Any CPU
		{998CC1B4-682A-46BC-8701-3F3FF609AF5F}.Debug|x86.ActiveCfg = Debug|Any CPU
		{998CC1B4-682A-46BC-8701-3F3FF609AF5F}.Debug|x86.Build.0 = Debug|Any CPU
		{998CC1B4-682A-46BC-8701-3F3FF609AF5F}.Release|Any CPU.ActiveCfg = Release|Any CPU
		{998CC1B4-682A-46BC-8701-3F3FF609AF5F}.Release|Any CPU.Build.0 = Release|Any CPU
		{998CC1B4-682A-46BC-8701-3F3FF609AF5F}.Release|x64.ActiveCfg = Release|Any CPU
		{998CC1B4-682A-46BC-8701-3F3FF609AF5F}.Release|x64.Build.0 = Release|Any CPU
		{998CC1B4-682A-46BC-8701-3F3FF609AF5F}.Release|x86.ActiveCfg = Release|Any CPU
		{998CC1B4-682A-46BC-8701-3F3FF609AF5F}.Release|x86.Build.0 = Release|Any CPU
		{B157A74F-16F1-4FCD-A3AB-17C3B2F0BA5F}.Debug|Any CPU.ActiveCfg = Debug|Any CPU
		{B157A74F-16F1-4FCD-A3AB-17C3B2F0BA5F}.Debug|Any CPU.Build.0 = Debug|Any CPU
		{B157A74F-16F1-4FCD-A3AB-17C3B2F0BA5F}.Debug|x64.ActiveCfg = Debug|Any CPU
		{B157A74F-16F1-4FCD-A3AB-17C3B2F0BA5F}.Debug|x64.Build.0 = Debug|Any CPU
		{B157A74F-16F1-4FCD-A3AB-17C3B2F0BA5F}.Debug|x86.ActiveCfg = Debug|Any CPU
		{B157A74F-16F1-4FCD-A3AB-17C3B2F0BA5F}.Debug|x86.Build.0 = Debug|Any CPU
		{B157A74F-16F1-4FCD-A3AB-17C3B2F0BA5F}.Release|Any CPU.ActiveCfg = Release|Any CPU
		{B157A74F-16F1-4FCD-A3AB-17C3B2F0BA5F}.Release|Any CPU.Build.0 = Release|Any CPU
		{B157A74F-16F1-4FCD-A3AB-17C3B2F0BA5F}.Release|x64.ActiveCfg = Release|Any CPU
		{B157A74F-16F1-4FCD-A3AB-17C3B2F0BA5F}.Release|x64.Build.0 = Release|Any CPU
		{B157A74F-16F1-4FCD-A3AB-17C3B2F0BA5F}.Release|x86.ActiveCfg = Release|Any CPU
		{B157A74F-16F1-4FCD-A3AB-17C3B2F0BA5F}.Release|x86.Build.0 = Release|Any CPU
		{A0FDDBF9-D38C-473E-9016-3C04650656C9}.Debug|Any CPU.ActiveCfg = Debug|Any CPU
		{A0FDDBF9-D38C-473E-9016-3C04650656C9}.Debug|Any CPU.Build.0 = Debug|Any CPU
		{A0FDDBF9-D38C-473E-9016-3C04650656C9}.Debug|x64.ActiveCfg = Debug|Any CPU
		{A0FDDBF9-D38C-473E-9016-3C04650656C9}.Debug|x64.Build.0 = Debug|Any CPU
		{A0FDDBF9-D38C-473E-9016-3C04650656C9}.Debug|x86.ActiveCfg = Debug|Any CPU
		{A0FDDBF9-D38C-473E-9016-3C04650656C9}.Debug|x86.Build.0 = Debug|Any CPU
		{A0FDDBF9-D38C-473E-9016-3C04650656C9}.Release|Any CPU.ActiveCfg = Release|Any CPU
		{A0FDDBF9-D38C-473E-9016-3C04650656C9}.Release|Any CPU.Build.0 = Release|Any CPU
		{A0FDDBF9-D38C-473E-9016-3C04650656C9}.Release|x64.ActiveCfg = Release|Any CPU
		{A0FDDBF9-D38C-473E-9016-3C04650656C9}.Release|x64.Build.0 = Release|Any CPU
		{A0FDDBF9-D38C-473E-9016-3C04650656C9}.Release|x86.ActiveCfg = Release|Any CPU
		{A0FDDBF9-D38C-473E-9016-3C04650656C9}.Release|x86.Build.0 = Release|Any CPU
		{496F0DF9-488A-4200-A405-4BFB2D230CD9}.Debug|Any CPU.ActiveCfg = Debug|Any CPU
		{496F0DF9-488A-4200-A405-4BFB2D230CD9}.Debug|Any CPU.Build.0 = Debug|Any CPU
		{496F0DF9-488A-4200-A405-4BFB2D230CD9}.Debug|x64.ActiveCfg = Debug|Any CPU
		{496F0DF9-488A-4200-A405-4BFB2D230CD9}.Debug|x64.Build.0 = Debug|Any CPU
		{496F0DF9-488A-4200-A405-4BFB2D230CD9}.Debug|x86.ActiveCfg = Debug|Any CPU
		{496F0DF9-488A-4200-A405-4BFB2D230CD9}.Debug|x86.Build.0 = Debug|Any CPU
		{496F0DF9-488A-4200-A405-4BFB2D230CD9}.Release|Any CPU.ActiveCfg = Release|Any CPU
		{496F0DF9-488A-4200-A405-4BFB2D230CD9}.Release|Any CPU.Build.0 = Release|Any CPU
		{496F0DF9-488A-4200-A405-4BFB2D230CD9}.Release|x64.ActiveCfg = Release|Any CPU
		{496F0DF9-488A-4200-A405-4BFB2D230CD9}.Release|x64.Build.0 = Release|Any CPU
		{496F0DF9-488A-4200-A405-4BFB2D230CD9}.Release|x86.ActiveCfg = Release|Any CPU
		{496F0DF9-488A-4200-A405-4BFB2D230CD9}.Release|x86.Build.0 = Release|Any CPU
		{242F7A76-C09D-4AB9-90D9-062E3A33343D}.Debug|Any CPU.ActiveCfg = Debug|Any CPU
		{242F7A76-C09D-4AB9-90D9-062E3A33343D}.Debug|Any CPU.Build.0 = Debug|Any CPU
		{242F7A76-C09D-4AB9-90D9-062E3A33343D}.Debug|x64.ActiveCfg = Debug|Any CPU
		{242F7A76-C09D-4AB9-90D9-062E3A33343D}.Debug|x64.Build.0 = Debug|Any CPU
		{242F7A76-C09D-4AB9-90D9-062E3A33343D}.Debug|x86.ActiveCfg = Debug|Any CPU
		{242F7A76-C09D-4AB9-90D9-062E3A33343D}.Debug|x86.Build.0 = Debug|Any CPU
		{242F7A76-C09D-4AB9-90D9-062E3A33343D}.Release|Any CPU.ActiveCfg = Release|Any CPU
		{242F7A76-C09D-4AB9-90D9-062E3A33343D}.Release|Any CPU.Build.0 = Release|Any CPU
		{242F7A76-C09D-4AB9-90D9-062E3A33343D}.Release|x64.ActiveCfg = Release|Any CPU
		{242F7A76-C09D-4AB9-90D9-062E3A33343D}.Release|x64.Build.0 = Release|Any CPU
		{242F7A76-C09D-4AB9-90D9-062E3A33343D}.Release|x86.ActiveCfg = Release|Any CPU
		{242F7A76-C09D-4AB9-90D9-062E3A33343D}.Release|x86.Build.0 = Release|Any CPU
		{E40F2FB1-26A9-464C-91D5-3267BA2CC0BB}.Debug|Any CPU.ActiveCfg = Debug|Any CPU
		{E40F2FB1-26A9-464C-91D5-3267BA2CC0BB}.Debug|Any CPU.Build.0 = Debug|Any CPU
		{E40F2FB1-26A9-464C-91D5-3267BA2CC0BB}.Debug|x64.ActiveCfg = Debug|Any CPU
		{E40F2FB1-26A9-464C-91D5-3267BA2CC0BB}.Debug|x64.Build.0 = Debug|Any CPU
		{E40F2FB1-26A9-464C-91D5-3267BA2CC0BB}.Debug|x86.ActiveCfg = Debug|Any CPU
		{E40F2FB1-26A9-464C-91D5-3267BA2CC0BB}.Debug|x86.Build.0 = Debug|Any CPU
		{E40F2FB1-26A9-464C-91D5-3267BA2CC0BB}.Release|Any CPU.ActiveCfg = Release|Any CPU
		{E40F2FB1-26A9-464C-91D5-3267BA2CC0BB}.Release|Any CPU.Build.0 = Release|Any CPU
		{E40F2FB1-26A9-464C-91D5-3267BA2CC0BB}.Release|x64.ActiveCfg = Release|Any CPU
		{E40F2FB1-26A9-464C-91D5-3267BA2CC0BB}.Release|x64.Build.0 = Release|Any CPU
		{E40F2FB1-26A9-464C-91D5-3267BA2CC0BB}.Release|x86.ActiveCfg = Release|Any CPU
		{E40F2FB1-26A9-464C-91D5-3267BA2CC0BB}.Release|x86.Build.0 = Release|Any CPU
		{7B7BF114-DFC4-43D3-8E30-834D2DFA35D9}.Debug|Any CPU.ActiveCfg = Debug|Any CPU
		{7B7BF114-DFC4-43D3-8E30-834D2DFA35D9}.Debug|Any CPU.Build.0 = Debug|Any CPU
		{7B7BF114-DFC4-43D3-8E30-834D2DFA35D9}.Debug|x64.ActiveCfg = Debug|Any CPU
		{7B7BF114-DFC4-43D3-8E30-834D2DFA35D9}.Debug|x64.Build.0 = Debug|Any CPU
		{7B7BF114-DFC4-43D3-8E30-834D2DFA35D9}.Debug|x86.ActiveCfg = Debug|Any CPU
		{7B7BF114-DFC4-43D3-8E30-834D2DFA35D9}.Debug|x86.Build.0 = Debug|Any CPU
		{7B7BF114-DFC4-43D3-8E30-834D2DFA35D9}.Release|Any CPU.ActiveCfg = Release|Any CPU
		{7B7BF114-DFC4-43D3-8E30-834D2DFA35D9}.Release|Any CPU.Build.0 = Release|Any CPU
		{7B7BF114-DFC4-43D3-8E30-834D2DFA35D9}.Release|x64.ActiveCfg = Release|Any CPU
		{7B7BF114-DFC4-43D3-8E30-834D2DFA35D9}.Release|x64.Build.0 = Release|Any CPU
		{7B7BF114-DFC4-43D3-8E30-834D2DFA35D9}.Release|x86.ActiveCfg = Release|Any CPU
		{7B7BF114-DFC4-43D3-8E30-834D2DFA35D9}.Release|x86.Build.0 = Release|Any CPU
		{76E6DC1E-948B-4367-BC50-07ACB7A24413}.Debug|Any CPU.ActiveCfg = Debug|Any CPU
		{76E6DC1E-948B-4367-BC50-07ACB7A24413}.Debug|Any CPU.Build.0 = Debug|Any CPU
		{76E6DC1E-948B-4367-BC50-07ACB7A24413}.Debug|x64.ActiveCfg = Debug|Any CPU
		{76E6DC1E-948B-4367-BC50-07ACB7A24413}.Debug|x64.Build.0 = Debug|Any CPU
		{76E6DC1E-948B-4367-BC50-07ACB7A24413}.Debug|x86.ActiveCfg = Debug|Any CPU
		{76E6DC1E-948B-4367-BC50-07ACB7A24413}.Debug|x86.Build.0 = Debug|Any CPU
		{76E6DC1E-948B-4367-BC50-07ACB7A24413}.Release|Any CPU.ActiveCfg = Release|Any CPU
		{76E6DC1E-948B-4367-BC50-07ACB7A24413}.Release|Any CPU.Build.0 = Release|Any CPU
		{76E6DC1E-948B-4367-BC50-07ACB7A24413}.Release|x64.ActiveCfg = Release|Any CPU
		{76E6DC1E-948B-4367-BC50-07ACB7A24413}.Release|x64.Build.0 = Release|Any CPU
		{76E6DC1E-948B-4367-BC50-07ACB7A24413}.Release|x86.ActiveCfg = Release|Any CPU
		{76E6DC1E-948B-4367-BC50-07ACB7A24413}.Release|x86.Build.0 = Release|Any CPU
		{355E040B-3B02-4E1E-B79E-D0D9818E5623}.Debug|Any CPU.ActiveCfg = Debug|Any CPU
		{355E040B-3B02-4E1E-B79E-D0D9818E5623}.Debug|Any CPU.Build.0 = Debug|Any CPU
		{355E040B-3B02-4E1E-B79E-D0D9818E5623}.Debug|x64.ActiveCfg = Debug|Any CPU
		{355E040B-3B02-4E1E-B79E-D0D9818E5623}.Debug|x64.Build.0 = Debug|Any CPU
		{355E040B-3B02-4E1E-B79E-D0D9818E5623}.Debug|x86.ActiveCfg = Debug|Any CPU
		{355E040B-3B02-4E1E-B79E-D0D9818E5623}.Debug|x86.Build.0 = Debug|Any CPU
		{355E040B-3B02-4E1E-B79E-D0D9818E5623}.Release|Any CPU.ActiveCfg = Release|Any CPU
		{355E040B-3B02-4E1E-B79E-D0D9818E5623}.Release|Any CPU.Build.0 = Release|Any CPU
		{355E040B-3B02-4E1E-B79E-D0D9818E5623}.Release|x64.ActiveCfg = Release|Any CPU
		{355E040B-3B02-4E1E-B79E-D0D9818E5623}.Release|x64.Build.0 = Release|Any CPU
		{355E040B-3B02-4E1E-B79E-D0D9818E5623}.Release|x86.ActiveCfg = Release|Any CPU
		{355E040B-3B02-4E1E-B79E-D0D9818E5623}.Release|x86.Build.0 = Release|Any CPU
		{1E67CAEC-9CDA-460D-BB25-20956B5A3638}.Debug|Any CPU.ActiveCfg = Debug|Any CPU
		{1E67CAEC-9CDA-460D-BB25-20956B5A3638}.Debug|Any CPU.Build.0 = Debug|Any CPU
		{1E67CAEC-9CDA-460D-BB25-20956B5A3638}.Debug|x64.ActiveCfg = Debug|Any CPU
		{1E67CAEC-9CDA-460D-BB25-20956B5A3638}.Debug|x64.Build.0 = Debug|Any CPU
		{1E67CAEC-9CDA-460D-BB25-20956B5A3638}.Debug|x86.ActiveCfg = Debug|Any CPU
		{1E67CAEC-9CDA-460D-BB25-20956B5A3638}.Debug|x86.Build.0 = Debug|Any CPU
		{1E67CAEC-9CDA-460D-BB25-20956B5A3638}.Release|Any CPU.ActiveCfg = Release|Any CPU
		{1E67CAEC-9CDA-460D-BB25-20956B5A3638}.Release|Any CPU.Build.0 = Release|Any CPU
		{1E67CAEC-9CDA-460D-BB25-20956B5A3638}.Release|x64.ActiveCfg = Release|Any CPU
		{1E67CAEC-9CDA-460D-BB25-20956B5A3638}.Release|x64.Build.0 = Release|Any CPU
		{1E67CAEC-9CDA-460D-BB25-20956B5A3638}.Release|x86.ActiveCfg = Release|Any CPU
		{1E67CAEC-9CDA-460D-BB25-20956B5A3638}.Release|x86.Build.0 = Release|Any CPU
		{2D32AC5A-6D9F-4550-891E-A9D9FDC6F2B8}.Debug|Any CPU.ActiveCfg = Debug|Any CPU
		{2D32AC5A-6D9F-4550-891E-A9D9FDC6F2B8}.Debug|Any CPU.Build.0 = Debug|Any CPU
		{2D32AC5A-6D9F-4550-891E-A9D9FDC6F2B8}.Debug|x64.ActiveCfg = Debug|Any CPU
		{2D32AC5A-6D9F-4550-891E-A9D9FDC6F2B8}.Debug|x64.Build.0 = Debug|Any CPU
		{2D32AC5A-6D9F-4550-891E-A9D9FDC6F2B8}.Debug|x86.ActiveCfg = Debug|Any CPU
		{2D32AC5A-6D9F-4550-891E-A9D9FDC6F2B8}.Debug|x86.Build.0 = Debug|Any CPU
		{2D32AC5A-6D9F-4550-891E-A9D9FDC6F2B8}.Release|Any CPU.ActiveCfg = Release|Any CPU
		{2D32AC5A-6D9F-4550-891E-A9D9FDC6F2B8}.Release|Any CPU.Build.0 = Release|Any CPU
		{2D32AC5A-6D9F-4550-891E-A9D9FDC6F2B8}.Release|x64.ActiveCfg = Release|Any CPU
		{2D32AC5A-6D9F-4550-891E-A9D9FDC6F2B8}.Release|x64.Build.0 = Release|Any CPU
		{2D32AC5A-6D9F-4550-891E-A9D9FDC6F2B8}.Release|x86.ActiveCfg = Release|Any CPU
		{2D32AC5A-6D9F-4550-891E-A9D9FDC6F2B8}.Release|x86.Build.0 = Release|Any CPU
		{4DDDD975-ED83-47FF-B127-5D55367DB184}.Debug|Any CPU.ActiveCfg = Debug|Any CPU
		{4DDDD975-ED83-47FF-B127-5D55367DB184}.Debug|Any CPU.Build.0 = Debug|Any CPU
		{4DDDD975-ED83-47FF-B127-5D55367DB184}.Debug|x64.ActiveCfg = Debug|Any CPU
		{4DDDD975-ED83-47FF-B127-5D55367DB184}.Debug|x64.Build.0 = Debug|Any CPU
		{4DDDD975-ED83-47FF-B127-5D55367DB184}.Debug|x86.ActiveCfg = Debug|Any CPU
		{4DDDD975-ED83-47FF-B127-5D55367DB184}.Debug|x86.Build.0 = Debug|Any CPU
		{4DDDD975-ED83-47FF-B127-5D55367DB184}.Release|Any CPU.ActiveCfg = Release|Any CPU
		{4DDDD975-ED83-47FF-B127-5D55367DB184}.Release|Any CPU.Build.0 = Release|Any CPU
		{4DDDD975-ED83-47FF-B127-5D55367DB184}.Release|x64.ActiveCfg = Release|Any CPU
		{4DDDD975-ED83-47FF-B127-5D55367DB184}.Release|x64.Build.0 = Release|Any CPU
		{4DDDD975-ED83-47FF-B127-5D55367DB184}.Release|x86.ActiveCfg = Release|Any CPU
		{4DDDD975-ED83-47FF-B127-5D55367DB184}.Release|x86.Build.0 = Release|Any CPU
		{3DE8C80D-16DC-494A-9838-7A9495C0B48C}.Debug|Any CPU.ActiveCfg = Debug|Any CPU
		{3DE8C80D-16DC-494A-9838-7A9495C0B48C}.Debug|Any CPU.Build.0 = Debug|Any CPU
		{3DE8C80D-16DC-494A-9838-7A9495C0B48C}.Debug|x64.ActiveCfg = Debug|Any CPU
		{3DE8C80D-16DC-494A-9838-7A9495C0B48C}.Debug|x64.Build.0 = Debug|Any CPU
		{3DE8C80D-16DC-494A-9838-7A9495C0B48C}.Debug|x86.ActiveCfg = Debug|Any CPU
		{3DE8C80D-16DC-494A-9838-7A9495C0B48C}.Debug|x86.Build.0 = Debug|Any CPU
		{3DE8C80D-16DC-494A-9838-7A9495C0B48C}.Release|Any CPU.ActiveCfg = Release|Any CPU
		{3DE8C80D-16DC-494A-9838-7A9495C0B48C}.Release|Any CPU.Build.0 = Release|Any CPU
		{3DE8C80D-16DC-494A-9838-7A9495C0B48C}.Release|x64.ActiveCfg = Release|Any CPU
		{3DE8C80D-16DC-494A-9838-7A9495C0B48C}.Release|x64.Build.0 = Release|Any CPU
		{3DE8C80D-16DC-494A-9838-7A9495C0B48C}.Release|x86.ActiveCfg = Release|Any CPU
		{3DE8C80D-16DC-494A-9838-7A9495C0B48C}.Release|x86.Build.0 = Release|Any CPU
		{FA175984-B5A6-46C2-AF11-FFCBC61A6DD8}.Debug|Any CPU.ActiveCfg = Debug|Any CPU
		{FA175984-B5A6-46C2-AF11-FFCBC61A6DD8}.Debug|Any CPU.Build.0 = Debug|Any CPU
		{FA175984-B5A6-46C2-AF11-FFCBC61A6DD8}.Debug|x64.ActiveCfg = Debug|Any CPU
		{FA175984-B5A6-46C2-AF11-FFCBC61A6DD8}.Debug|x64.Build.0 = Debug|Any CPU
		{FA175984-B5A6-46C2-AF11-FFCBC61A6DD8}.Debug|x86.ActiveCfg = Debug|Any CPU
		{FA175984-B5A6-46C2-AF11-FFCBC61A6DD8}.Debug|x86.Build.0 = Debug|Any CPU
		{FA175984-B5A6-46C2-AF11-FFCBC61A6DD8}.Release|Any CPU.ActiveCfg = Release|Any CPU
		{FA175984-B5A6-46C2-AF11-FFCBC61A6DD8}.Release|Any CPU.Build.0 = Release|Any CPU
		{FA175984-B5A6-46C2-AF11-FFCBC61A6DD8}.Release|x64.ActiveCfg = Release|Any CPU
		{FA175984-B5A6-46C2-AF11-FFCBC61A6DD8}.Release|x64.Build.0 = Release|Any CPU
		{FA175984-B5A6-46C2-AF11-FFCBC61A6DD8}.Release|x86.ActiveCfg = Release|Any CPU
		{FA175984-B5A6-46C2-AF11-FFCBC61A6DD8}.Release|x86.Build.0 = Release|Any CPU
		{E0FCF34D-6114-45FD-8ACA-F0CE4B666186}.Debug|Any CPU.ActiveCfg = Debug|Any CPU
		{E0FCF34D-6114-45FD-8ACA-F0CE4B666186}.Debug|Any CPU.Build.0 = Debug|Any CPU
		{E0FCF34D-6114-45FD-8ACA-F0CE4B666186}.Debug|x64.ActiveCfg = Debug|Any CPU
		{E0FCF34D-6114-45FD-8ACA-F0CE4B666186}.Debug|x64.Build.0 = Debug|Any CPU
		{E0FCF34D-6114-45FD-8ACA-F0CE4B666186}.Debug|x86.ActiveCfg = Debug|Any CPU
		{E0FCF34D-6114-45FD-8ACA-F0CE4B666186}.Debug|x86.Build.0 = Debug|Any CPU
		{E0FCF34D-6114-45FD-8ACA-F0CE4B666186}.Release|Any CPU.ActiveCfg = Release|Any CPU
		{E0FCF34D-6114-45FD-8ACA-F0CE4B666186}.Release|Any CPU.Build.0 = Release|Any CPU
		{E0FCF34D-6114-45FD-8ACA-F0CE4B666186}.Release|x64.ActiveCfg = Release|Any CPU
		{E0FCF34D-6114-45FD-8ACA-F0CE4B666186}.Release|x64.Build.0 = Release|Any CPU
		{E0FCF34D-6114-45FD-8ACA-F0CE4B666186}.Release|x86.ActiveCfg = Release|Any CPU
		{E0FCF34D-6114-45FD-8ACA-F0CE4B666186}.Release|x86.Build.0 = Release|Any CPU
		{DD6DB212-65B3-4622-A285-A68854B2998E}.Debug|Any CPU.ActiveCfg = Debug|Any CPU
		{DD6DB212-65B3-4622-A285-A68854B2998E}.Debug|Any CPU.Build.0 = Debug|Any CPU
		{DD6DB212-65B3-4622-A285-A68854B2998E}.Debug|x64.ActiveCfg = Debug|Any CPU
		{DD6DB212-65B3-4622-A285-A68854B2998E}.Debug|x64.Build.0 = Debug|Any CPU
		{DD6DB212-65B3-4622-A285-A68854B2998E}.Debug|x86.ActiveCfg = Debug|Any CPU
		{DD6DB212-65B3-4622-A285-A68854B2998E}.Debug|x86.Build.0 = Debug|Any CPU
		{DD6DB212-65B3-4622-A285-A68854B2998E}.Release|Any CPU.ActiveCfg = Release|Any CPU
		{DD6DB212-65B3-4622-A285-A68854B2998E}.Release|Any CPU.Build.0 = Release|Any CPU
		{DD6DB212-65B3-4622-A285-A68854B2998E}.Release|x64.ActiveCfg = Release|Any CPU
		{DD6DB212-65B3-4622-A285-A68854B2998E}.Release|x64.Build.0 = Release|Any CPU
		{DD6DB212-65B3-4622-A285-A68854B2998E}.Release|x86.ActiveCfg = Release|Any CPU
		{DD6DB212-65B3-4622-A285-A68854B2998E}.Release|x86.Build.0 = Release|Any CPU
		{79EDDC4A-FC16-44A8-936D-E8BE3946CC3F}.Debug|Any CPU.ActiveCfg = Debug|Any CPU
		{79EDDC4A-FC16-44A8-936D-E8BE3946CC3F}.Debug|Any CPU.Build.0 = Debug|Any CPU
		{79EDDC4A-FC16-44A8-936D-E8BE3946CC3F}.Debug|x64.ActiveCfg = Debug|Any CPU
		{79EDDC4A-FC16-44A8-936D-E8BE3946CC3F}.Debug|x64.Build.0 = Debug|Any CPU
		{79EDDC4A-FC16-44A8-936D-E8BE3946CC3F}.Debug|x86.ActiveCfg = Debug|Any CPU
		{79EDDC4A-FC16-44A8-936D-E8BE3946CC3F}.Debug|x86.Build.0 = Debug|Any CPU
		{79EDDC4A-FC16-44A8-936D-E8BE3946CC3F}.Release|Any CPU.ActiveCfg = Release|Any CPU
		{79EDDC4A-FC16-44A8-936D-E8BE3946CC3F}.Release|Any CPU.Build.0 = Release|Any CPU
		{79EDDC4A-FC16-44A8-936D-E8BE3946CC3F}.Release|x64.ActiveCfg = Release|Any CPU
		{79EDDC4A-FC16-44A8-936D-E8BE3946CC3F}.Release|x64.Build.0 = Release|Any CPU
		{79EDDC4A-FC16-44A8-936D-E8BE3946CC3F}.Release|x86.ActiveCfg = Release|Any CPU
		{79EDDC4A-FC16-44A8-936D-E8BE3946CC3F}.Release|x86.Build.0 = Release|Any CPU
		{A7C0C8AD-5DDE-4C59-9DF7-D272114D08FB}.Debug|Any CPU.ActiveCfg = Debug|Any CPU
		{A7C0C8AD-5DDE-4C59-9DF7-D272114D08FB}.Debug|Any CPU.Build.0 = Debug|Any CPU
		{A7C0C8AD-5DDE-4C59-9DF7-D272114D08FB}.Debug|x64.ActiveCfg = Debug|Any CPU
		{A7C0C8AD-5DDE-4C59-9DF7-D272114D08FB}.Debug|x64.Build.0 = Debug|Any CPU
		{A7C0C8AD-5DDE-4C59-9DF7-D272114D08FB}.Debug|x86.ActiveCfg = Debug|Any CPU
		{A7C0C8AD-5DDE-4C59-9DF7-D272114D08FB}.Debug|x86.Build.0 = Debug|Any CPU
		{A7C0C8AD-5DDE-4C59-9DF7-D272114D08FB}.Release|Any CPU.ActiveCfg = Release|Any CPU
		{A7C0C8AD-5DDE-4C59-9DF7-D272114D08FB}.Release|Any CPU.Build.0 = Release|Any CPU
		{A7C0C8AD-5DDE-4C59-9DF7-D272114D08FB}.Release|x64.ActiveCfg = Release|Any CPU
		{A7C0C8AD-5DDE-4C59-9DF7-D272114D08FB}.Release|x64.Build.0 = Release|Any CPU
		{A7C0C8AD-5DDE-4C59-9DF7-D272114D08FB}.Release|x86.ActiveCfg = Release|Any CPU
		{A7C0C8AD-5DDE-4C59-9DF7-D272114D08FB}.Release|x86.Build.0 = Release|Any CPU
		{191C02AF-2FF7-44F8-843F-8702B513CFEC}.Debug|Any CPU.ActiveCfg = Debug|Any CPU
		{191C02AF-2FF7-44F8-843F-8702B513CFEC}.Debug|Any CPU.Build.0 = Debug|Any CPU
		{191C02AF-2FF7-44F8-843F-8702B513CFEC}.Debug|x64.ActiveCfg = Debug|Any CPU
		{191C02AF-2FF7-44F8-843F-8702B513CFEC}.Debug|x64.Build.0 = Debug|Any CPU
		{191C02AF-2FF7-44F8-843F-8702B513CFEC}.Debug|x86.ActiveCfg = Debug|Any CPU
		{191C02AF-2FF7-44F8-843F-8702B513CFEC}.Debug|x86.Build.0 = Debug|Any CPU
		{191C02AF-2FF7-44F8-843F-8702B513CFEC}.Release|Any CPU.ActiveCfg = Release|Any CPU
		{191C02AF-2FF7-44F8-843F-8702B513CFEC}.Release|Any CPU.Build.0 = Release|Any CPU
		{191C02AF-2FF7-44F8-843F-8702B513CFEC}.Release|x64.ActiveCfg = Release|Any CPU
		{191C02AF-2FF7-44F8-843F-8702B513CFEC}.Release|x64.Build.0 = Release|Any CPU
		{191C02AF-2FF7-44F8-843F-8702B513CFEC}.Release|x86.ActiveCfg = Release|Any CPU
		{191C02AF-2FF7-44F8-843F-8702B513CFEC}.Release|x86.Build.0 = Release|Any CPU
		{83F7CD0A-AADD-4AE5-8741-7FEBC3481CCD}.Debug|Any CPU.ActiveCfg = Debug|Any CPU
		{83F7CD0A-AADD-4AE5-8741-7FEBC3481CCD}.Debug|Any CPU.Build.0 = Debug|Any CPU
		{83F7CD0A-AADD-4AE5-8741-7FEBC3481CCD}.Debug|x64.ActiveCfg = Debug|Any CPU
		{83F7CD0A-AADD-4AE5-8741-7FEBC3481CCD}.Debug|x64.Build.0 = Debug|Any CPU
		{83F7CD0A-AADD-4AE5-8741-7FEBC3481CCD}.Debug|x86.ActiveCfg = Debug|Any CPU
		{83F7CD0A-AADD-4AE5-8741-7FEBC3481CCD}.Debug|x86.Build.0 = Debug|Any CPU
		{83F7CD0A-AADD-4AE5-8741-7FEBC3481CCD}.Release|Any CPU.ActiveCfg = Release|Any CPU
		{83F7CD0A-AADD-4AE5-8741-7FEBC3481CCD}.Release|Any CPU.Build.0 = Release|Any CPU
		{83F7CD0A-AADD-4AE5-8741-7FEBC3481CCD}.Release|x64.ActiveCfg = Release|Any CPU
		{83F7CD0A-AADD-4AE5-8741-7FEBC3481CCD}.Release|x64.Build.0 = Release|Any CPU
		{83F7CD0A-AADD-4AE5-8741-7FEBC3481CCD}.Release|x86.ActiveCfg = Release|Any CPU
		{83F7CD0A-AADD-4AE5-8741-7FEBC3481CCD}.Release|x86.Build.0 = Release|Any CPU
		{DE4551AD-5C42-4254-8DCB-E1FA27CDDA35}.Debug|Any CPU.ActiveCfg = Debug|Any CPU
		{DE4551AD-5C42-4254-8DCB-E1FA27CDDA35}.Debug|Any CPU.Build.0 = Debug|Any CPU
		{DE4551AD-5C42-4254-8DCB-E1FA27CDDA35}.Debug|x64.ActiveCfg = Debug|Any CPU
		{DE4551AD-5C42-4254-8DCB-E1FA27CDDA35}.Debug|x64.Build.0 = Debug|Any CPU
		{DE4551AD-5C42-4254-8DCB-E1FA27CDDA35}.Debug|x86.ActiveCfg = Debug|Any CPU
		{DE4551AD-5C42-4254-8DCB-E1FA27CDDA35}.Debug|x86.Build.0 = Debug|Any CPU
		{DE4551AD-5C42-4254-8DCB-E1FA27CDDA35}.Release|Any CPU.ActiveCfg = Release|Any CPU
		{DE4551AD-5C42-4254-8DCB-E1FA27CDDA35}.Release|Any CPU.Build.0 = Release|Any CPU
		{DE4551AD-5C42-4254-8DCB-E1FA27CDDA35}.Release|x64.ActiveCfg = Release|Any CPU
		{DE4551AD-5C42-4254-8DCB-E1FA27CDDA35}.Release|x64.Build.0 = Release|Any CPU
		{DE4551AD-5C42-4254-8DCB-E1FA27CDDA35}.Release|x86.ActiveCfg = Release|Any CPU
		{DE4551AD-5C42-4254-8DCB-E1FA27CDDA35}.Release|x86.Build.0 = Release|Any CPU
		{77F4923D-8E7A-46E6-AC1F-164241BC3BC4}.Debug|Any CPU.ActiveCfg = Debug|Any CPU
		{77F4923D-8E7A-46E6-AC1F-164241BC3BC4}.Debug|Any CPU.Build.0 = Debug|Any CPU
		{77F4923D-8E7A-46E6-AC1F-164241BC3BC4}.Debug|x64.ActiveCfg = Debug|Any CPU
		{77F4923D-8E7A-46E6-AC1F-164241BC3BC4}.Debug|x64.Build.0 = Debug|Any CPU
		{77F4923D-8E7A-46E6-AC1F-164241BC3BC4}.Debug|x86.ActiveCfg = Debug|Any CPU
		{77F4923D-8E7A-46E6-AC1F-164241BC3BC4}.Debug|x86.Build.0 = Debug|Any CPU
		{77F4923D-8E7A-46E6-AC1F-164241BC3BC4}.Release|Any CPU.ActiveCfg = Release|Any CPU
		{77F4923D-8E7A-46E6-AC1F-164241BC3BC4}.Release|Any CPU.Build.0 = Release|Any CPU
		{77F4923D-8E7A-46E6-AC1F-164241BC3BC4}.Release|x64.ActiveCfg = Release|Any CPU
		{77F4923D-8E7A-46E6-AC1F-164241BC3BC4}.Release|x64.Build.0 = Release|Any CPU
		{77F4923D-8E7A-46E6-AC1F-164241BC3BC4}.Release|x86.ActiveCfg = Release|Any CPU
		{77F4923D-8E7A-46E6-AC1F-164241BC3BC4}.Release|x86.Build.0 = Release|Any CPU
		{6BAD64ED-B3CF-46D5-8124-7441F8A86966}.Debug|Any CPU.ActiveCfg = Debug|Any CPU
		{6BAD64ED-B3CF-46D5-8124-7441F8A86966}.Debug|Any CPU.Build.0 = Debug|Any CPU
		{6BAD64ED-B3CF-46D5-8124-7441F8A86966}.Debug|x64.ActiveCfg = Debug|Any CPU
		{6BAD64ED-B3CF-46D5-8124-7441F8A86966}.Debug|x64.Build.0 = Debug|Any CPU
		{6BAD64ED-B3CF-46D5-8124-7441F8A86966}.Debug|x86.ActiveCfg = Debug|Any CPU
		{6BAD64ED-B3CF-46D5-8124-7441F8A86966}.Debug|x86.Build.0 = Debug|Any CPU
		{6BAD64ED-B3CF-46D5-8124-7441F8A86966}.Release|Any CPU.ActiveCfg = Release|Any CPU
		{6BAD64ED-B3CF-46D5-8124-7441F8A86966}.Release|Any CPU.Build.0 = Release|Any CPU
		{6BAD64ED-B3CF-46D5-8124-7441F8A86966}.Release|x64.ActiveCfg = Release|Any CPU
		{6BAD64ED-B3CF-46D5-8124-7441F8A86966}.Release|x64.Build.0 = Release|Any CPU
		{6BAD64ED-B3CF-46D5-8124-7441F8A86966}.Release|x86.ActiveCfg = Release|Any CPU
		{6BAD64ED-B3CF-46D5-8124-7441F8A86966}.Release|x86.Build.0 = Release|Any CPU
		{BB39A523-EF1A-4F39-8A31-4BC1D65D7679}.Debug|Any CPU.ActiveCfg = Debug|Any CPU
		{BB39A523-EF1A-4F39-8A31-4BC1D65D7679}.Debug|Any CPU.Build.0 = Debug|Any CPU
		{BB39A523-EF1A-4F39-8A31-4BC1D65D7679}.Debug|x64.ActiveCfg = Debug|Any CPU
		{BB39A523-EF1A-4F39-8A31-4BC1D65D7679}.Debug|x64.Build.0 = Debug|Any CPU
		{BB39A523-EF1A-4F39-8A31-4BC1D65D7679}.Debug|x86.ActiveCfg = Debug|Any CPU
		{BB39A523-EF1A-4F39-8A31-4BC1D65D7679}.Debug|x86.Build.0 = Debug|Any CPU
		{BB39A523-EF1A-4F39-8A31-4BC1D65D7679}.Release|Any CPU.ActiveCfg = Release|Any CPU
		{BB39A523-EF1A-4F39-8A31-4BC1D65D7679}.Release|Any CPU.Build.0 = Release|Any CPU
		{BB39A523-EF1A-4F39-8A31-4BC1D65D7679}.Release|x64.ActiveCfg = Release|Any CPU
		{BB39A523-EF1A-4F39-8A31-4BC1D65D7679}.Release|x64.Build.0 = Release|Any CPU
		{BB39A523-EF1A-4F39-8A31-4BC1D65D7679}.Release|x86.ActiveCfg = Release|Any CPU
		{BB39A523-EF1A-4F39-8A31-4BC1D65D7679}.Release|x86.Build.0 = Release|Any CPU
		{4FB32D81-ED7C-4385-B261-2218C4C6A374}.Debug|Any CPU.ActiveCfg = Debug|Any CPU
		{4FB32D81-ED7C-4385-B261-2218C4C6A374}.Debug|Any CPU.Build.0 = Debug|Any CPU
		{4FB32D81-ED7C-4385-B261-2218C4C6A374}.Debug|x64.ActiveCfg = Debug|Any CPU
		{4FB32D81-ED7C-4385-B261-2218C4C6A374}.Debug|x64.Build.0 = Debug|Any CPU
		{4FB32D81-ED7C-4385-B261-2218C4C6A374}.Debug|x86.ActiveCfg = Debug|Any CPU
		{4FB32D81-ED7C-4385-B261-2218C4C6A374}.Debug|x86.Build.0 = Debug|Any CPU
		{4FB32D81-ED7C-4385-B261-2218C4C6A374}.Release|Any CPU.ActiveCfg = Release|Any CPU
		{4FB32D81-ED7C-4385-B261-2218C4C6A374}.Release|Any CPU.Build.0 = Release|Any CPU
		{4FB32D81-ED7C-4385-B261-2218C4C6A374}.Release|x64.ActiveCfg = Release|Any CPU
		{4FB32D81-ED7C-4385-B261-2218C4C6A374}.Release|x64.Build.0 = Release|Any CPU
		{4FB32D81-ED7C-4385-B261-2218C4C6A374}.Release|x86.ActiveCfg = Release|Any CPU
		{4FB32D81-ED7C-4385-B261-2218C4C6A374}.Release|x86.Build.0 = Release|Any CPU
		{82465C50-796B-49B4-B16D-250BBBE4C7AF}.Debug|Any CPU.ActiveCfg = Debug|Any CPU
		{82465C50-796B-49B4-B16D-250BBBE4C7AF}.Debug|Any CPU.Build.0 = Debug|Any CPU
		{82465C50-796B-49B4-B16D-250BBBE4C7AF}.Debug|x64.ActiveCfg = Debug|Any CPU
		{82465C50-796B-49B4-B16D-250BBBE4C7AF}.Debug|x64.Build.0 = Debug|Any CPU
		{82465C50-796B-49B4-B16D-250BBBE4C7AF}.Debug|x86.ActiveCfg = Debug|Any CPU
		{82465C50-796B-49B4-B16D-250BBBE4C7AF}.Debug|x86.Build.0 = Debug|Any CPU
		{82465C50-796B-49B4-B16D-250BBBE4C7AF}.Release|Any CPU.ActiveCfg = Release|Any CPU
		{82465C50-796B-49B4-B16D-250BBBE4C7AF}.Release|Any CPU.Build.0 = Release|Any CPU
		{82465C50-796B-49B4-B16D-250BBBE4C7AF}.Release|x64.ActiveCfg = Release|Any CPU
		{82465C50-796B-49B4-B16D-250BBBE4C7AF}.Release|x64.Build.0 = Release|Any CPU
		{82465C50-796B-49B4-B16D-250BBBE4C7AF}.Release|x86.ActiveCfg = Release|Any CPU
		{82465C50-796B-49B4-B16D-250BBBE4C7AF}.Release|x86.Build.0 = Release|Any CPU
		{9A584E60-CC30-455C-843A-39E9F3DB695A}.Debug|Any CPU.ActiveCfg = Debug|Any CPU
		{9A584E60-CC30-455C-843A-39E9F3DB695A}.Debug|Any CPU.Build.0 = Debug|Any CPU
		{9A584E60-CC30-455C-843A-39E9F3DB695A}.Debug|x64.ActiveCfg = Debug|Any CPU
		{9A584E60-CC30-455C-843A-39E9F3DB695A}.Debug|x64.Build.0 = Debug|Any CPU
		{9A584E60-CC30-455C-843A-39E9F3DB695A}.Debug|x86.ActiveCfg = Debug|Any CPU
		{9A584E60-CC30-455C-843A-39E9F3DB695A}.Debug|x86.Build.0 = Debug|Any CPU
		{9A584E60-CC30-455C-843A-39E9F3DB695A}.Release|Any CPU.ActiveCfg = Release|Any CPU
		{9A584E60-CC30-455C-843A-39E9F3DB695A}.Release|Any CPU.Build.0 = Release|Any CPU
		{9A584E60-CC30-455C-843A-39E9F3DB695A}.Release|x64.ActiveCfg = Release|Any CPU
		{9A584E60-CC30-455C-843A-39E9F3DB695A}.Release|x64.Build.0 = Release|Any CPU
		{9A584E60-CC30-455C-843A-39E9F3DB695A}.Release|x86.ActiveCfg = Release|Any CPU
		{9A584E60-CC30-455C-843A-39E9F3DB695A}.Release|x86.Build.0 = Release|Any CPU
		{03C5CF43-D896-4472-9162-6B3C82FC2ECE}.Debug|Any CPU.ActiveCfg = Debug|Any CPU
		{03C5CF43-D896-4472-9162-6B3C82FC2ECE}.Debug|Any CPU.Build.0 = Debug|Any CPU
		{03C5CF43-D896-4472-9162-6B3C82FC2ECE}.Debug|x64.ActiveCfg = Debug|Any CPU
		{03C5CF43-D896-4472-9162-6B3C82FC2ECE}.Debug|x64.Build.0 = Debug|Any CPU
		{03C5CF43-D896-4472-9162-6B3C82FC2ECE}.Debug|x86.ActiveCfg = Debug|Any CPU
		{03C5CF43-D896-4472-9162-6B3C82FC2ECE}.Debug|x86.Build.0 = Debug|Any CPU
		{03C5CF43-D896-4472-9162-6B3C82FC2ECE}.Release|Any CPU.ActiveCfg = Release|Any CPU
		{03C5CF43-D896-4472-9162-6B3C82FC2ECE}.Release|Any CPU.Build.0 = Release|Any CPU
		{03C5CF43-D896-4472-9162-6B3C82FC2ECE}.Release|x64.ActiveCfg = Release|Any CPU
		{03C5CF43-D896-4472-9162-6B3C82FC2ECE}.Release|x64.Build.0 = Release|Any CPU
		{03C5CF43-D896-4472-9162-6B3C82FC2ECE}.Release|x86.ActiveCfg = Release|Any CPU
		{03C5CF43-D896-4472-9162-6B3C82FC2ECE}.Release|x86.Build.0 = Release|Any CPU
		{D5CD7AB4-0F94-49CA-A3BA-7D9E1254B2C3}.Debug|Any CPU.ActiveCfg = Debug|Any CPU
		{D5CD7AB4-0F94-49CA-A3BA-7D9E1254B2C3}.Debug|Any CPU.Build.0 = Debug|Any CPU
		{D5CD7AB4-0F94-49CA-A3BA-7D9E1254B2C3}.Debug|x64.ActiveCfg = Debug|Any CPU
		{D5CD7AB4-0F94-49CA-A3BA-7D9E1254B2C3}.Debug|x64.Build.0 = Debug|Any CPU
		{D5CD7AB4-0F94-49CA-A3BA-7D9E1254B2C3}.Debug|x86.ActiveCfg = Debug|Any CPU
		{D5CD7AB4-0F94-49CA-A3BA-7D9E1254B2C3}.Debug|x86.Build.0 = Debug|Any CPU
		{D5CD7AB4-0F94-49CA-A3BA-7D9E1254B2C3}.Release|Any CPU.ActiveCfg = Release|Any CPU
		{D5CD7AB4-0F94-49CA-A3BA-7D9E1254B2C3}.Release|Any CPU.Build.0 = Release|Any CPU
		{D5CD7AB4-0F94-49CA-A3BA-7D9E1254B2C3}.Release|x64.ActiveCfg = Release|Any CPU
		{D5CD7AB4-0F94-49CA-A3BA-7D9E1254B2C3}.Release|x64.Build.0 = Release|Any CPU
		{D5CD7AB4-0F94-49CA-A3BA-7D9E1254B2C3}.Release|x86.ActiveCfg = Release|Any CPU
		{D5CD7AB4-0F94-49CA-A3BA-7D9E1254B2C3}.Release|x86.Build.0 = Release|Any CPU
		{C1155A6D-3CD5-45AB-B1D4-D611E4C8A236}.Debug|Any CPU.ActiveCfg = Debug|Any CPU
		{C1155A6D-3CD5-45AB-B1D4-D611E4C8A236}.Debug|Any CPU.Build.0 = Debug|Any CPU
		{C1155A6D-3CD5-45AB-B1D4-D611E4C8A236}.Debug|x64.ActiveCfg = Debug|Any CPU
		{C1155A6D-3CD5-45AB-B1D4-D611E4C8A236}.Debug|x64.Build.0 = Debug|Any CPU
		{C1155A6D-3CD5-45AB-B1D4-D611E4C8A236}.Debug|x86.ActiveCfg = Debug|Any CPU
		{C1155A6D-3CD5-45AB-B1D4-D611E4C8A236}.Debug|x86.Build.0 = Debug|Any CPU
		{C1155A6D-3CD5-45AB-B1D4-D611E4C8A236}.Release|Any CPU.ActiveCfg = Release|Any CPU
		{C1155A6D-3CD5-45AB-B1D4-D611E4C8A236}.Release|Any CPU.Build.0 = Release|Any CPU
		{C1155A6D-3CD5-45AB-B1D4-D611E4C8A236}.Release|x64.ActiveCfg = Release|Any CPU
		{C1155A6D-3CD5-45AB-B1D4-D611E4C8A236}.Release|x64.Build.0 = Release|Any CPU
		{C1155A6D-3CD5-45AB-B1D4-D611E4C8A236}.Release|x86.ActiveCfg = Release|Any CPU
		{C1155A6D-3CD5-45AB-B1D4-D611E4C8A236}.Release|x86.Build.0 = Release|Any CPU
	EndGlobalSection
	GlobalSection(SolutionProperties) = preSolution
		HideSolutionNode = FALSE
	EndGlobalSection
	GlobalSection(NestedProjects) = preSolution
		{BFF2DF6E-AA54-47C7-211F-79ACCBB4577C} = {827E0CD3-B72D-47B6-A68D-7590B98EB39B}
		{1E89AB8A-3958-F0A1-8EA0-B56BC4D9D951} = {BFF2DF6E-AA54-47C7-211F-79ACCBB4577C}
		{A59073AA-6C6D-2904-B23C-A2747DCD86D4} = {1E89AB8A-3958-F0A1-8EA0-B56BC4D9D951}
		{460733CA-97C4-0498-8152-AFD04574B7DF} = {BFF2DF6E-AA54-47C7-211F-79ACCBB4577C}
		{659A214A-C66E-0A88-FC83-692B8085DA26} = {460733CA-97C4-0498-8152-AFD04574B7DF}
		{A7EAD07E-B348-E71A-606D-22094D44EB26} = {BFF2DF6E-AA54-47C7-211F-79ACCBB4577C}
		{6987BB65-72D0-8E75-113C-A3C9E0A7CF6F} = {A7EAD07E-B348-E71A-606D-22094D44EB26}
		{7C49CC06-6605-EC50-649C-17F29FF596C7} = {BFF2DF6E-AA54-47C7-211F-79ACCBB4577C}
		{2237D468-2F3E-2880-6119-551B34C57F63} = {7C49CC06-6605-EC50-649C-17F29FF596C7}
		{EC447DCF-ABFA-6E24-52A5-D7FD48A5C558} = {827E0CD3-B72D-47B6-A68D-7590B98EB39B}
		{58DEE2D7-32BD-537C-1E71-87AB6BD65F6F} = {EC447DCF-ABFA-6E24-52A5-D7FD48A5C558}
		{9A2AEFED-5B9F-1E66-FE85-41B7372D5E95} = {58DEE2D7-32BD-537C-1E71-87AB6BD65F6F}
		{234D90CB-CE63-4F68-962F-81DAF50533FF} = {9A2AEFED-5B9F-1E66-FE85-41B7372D5E95}
		{603471AC-7864-4569-147D-11C56D9E7885} = {58DEE2D7-32BD-537C-1E71-87AB6BD65F6F}
		{5A8006F0-0439-4C4D-B8B1-D4A6C5548D5D} = {603471AC-7864-4569-147D-11C56D9E7885}
		{59C513D0-E659-98A5-93B3-F7226B6AF2FA} = {58DEE2D7-32BD-537C-1E71-87AB6BD65F6F}
		{6B5B8970-E6C1-471F-8837-23A9ADB00781} = {59C513D0-E659-98A5-93B3-F7226B6AF2FA}
		{1D2D978B-A209-11B9-99B2-327B8D166D90} = {58DEE2D7-32BD-537C-1E71-87AB6BD65F6F}
		{C4DC8676-CF71-4CC5-9051-FB68FDE1315E} = {1D2D978B-A209-11B9-99B2-327B8D166D90}
		{81034408-37C8-1011-444E-4C15C2FADA8E} = {827E0CD3-B72D-47B6-A68D-7590B98EB39B}
		{3532A01B-A1F7-4F52-95C6-BC76A50B36FB} = {81034408-37C8-1011-444E-4C15C2FADA8E}
		{76D67ED7-F942-09D1-EB9C-5DD1CD93BD2D} = {827E0CD3-B72D-47B6-A68D-7590B98EB39B}
		{A6A7423F-1344-45AA-B449-FF3E16BB5B8A} = {76D67ED7-F942-09D1-EB9C-5DD1CD93BD2D}
		{F8D139A9-5255-7DD0-85F2-110756701045} = {58DEE2D7-32BD-537C-1E71-87AB6BD65F6F}
		{2A3128D9-9905-4CF8-8C23-DBD6FBC45571} = {F8D139A9-5255-7DD0-85F2-110756701045}
		{165CE4E7-C393-4D71-8BC9-1EAF494AF052} = {CA253913-39DE-BFD0-C9A3-4B7EC6FBDF17}
		{55C5A6A0-F839-4FCC-A924-8B45A2D5FFA2} = {CA253913-39DE-BFD0-C9A3-4B7EC6FBDF17}
		{B076BCED-D1E2-4B7F-8B04-12F18ED9784B} = {CA253913-39DE-BFD0-C9A3-4B7EC6FBDF17}
		{4D004A8E-6B1B-444A-9386-35BBA6A0E253} = {CA253913-39DE-BFD0-C9A3-4B7EC6FBDF17}
		{0B4108AE-85C7-A113-6C72-E1F9FEB73037} = {CA253913-39DE-BFD0-C9A3-4B7EC6FBDF17}
		{34B6B30B-2850-EC7F-189C-36937B2B532D} = {0B4108AE-85C7-A113-6C72-E1F9FEB73037}
		{ECF2C436-ACBA-401E-ADE4-A7183211E367} = {34B6B30B-2850-EC7F-189C-36937B2B532D}
		{8AD23086-AE11-148E-B2B6-9F0F94287E0D} = {0AB3BF05-4346-4AA6-1389-037BE0695223}
		{998CC1B4-682A-46BC-8701-3F3FF609AF5F} = {8AD23086-AE11-148E-B2B6-9F0F94287E0D}
		{E8693681-3C70-5F1A-990F-E45F6437C4DF} = {58DEE2D7-32BD-537C-1E71-87AB6BD65F6F}
		{B157A74F-16F1-4FCD-A3AB-17C3B2F0BA5F} = {E8693681-3C70-5F1A-990F-E45F6437C4DF}
		{517CE0BA-E7A7-4B64-AFB1-3C300CFAA00B} = {EC447DCF-ABFA-6E24-52A5-D7FD48A5C558}
		{4F3F962C-AA42-0DC7-0759-34BCFB2F9C20} = {517CE0BA-E7A7-4B64-AFB1-3C300CFAA00B}
		{A0FDDBF9-D38C-473E-9016-3C04650656C9} = {4F3F962C-AA42-0DC7-0759-34BCFB2F9C20}
		{3D60B626-899F-EEAE-94DF-F2F4BE1F5A9D} = {EC447DCF-ABFA-6E24-52A5-D7FD48A5C558}
		{7278F591-4BC4-4B53-0B49-F4AC872A826B} = {3D60B626-899F-EEAE-94DF-F2F4BE1F5A9D}
		{496F0DF9-488A-4200-A405-4BFB2D230CD9} = {7278F591-4BC4-4B53-0B49-F4AC872A826B}
		{73084047-C984-FF73-7BB6-8F778BEF28D0} = {3D60B626-899F-EEAE-94DF-F2F4BE1F5A9D}
		{242F7A76-C09D-4AB9-90D9-062E3A33343D} = {73084047-C984-FF73-7BB6-8F778BEF28D0}
		{DE1B075A-D67C-E598-3827-43130B515729} = {3D60B626-899F-EEAE-94DF-F2F4BE1F5A9D}
		{E40F2FB1-26A9-464C-91D5-3267BA2CC0BB} = {DE1B075A-D67C-E598-3827-43130B515729}
		{120B7C30-1BCF-B147-2B89-FF280A155DC0} = {517CE0BA-E7A7-4B64-AFB1-3C300CFAA00B}
		{72D30FB6-CE05-B4F1-A2F5-C8303B6884A7} = {517CE0BA-E7A7-4B64-AFB1-3C300CFAA00B}
		{7B7BF114-DFC4-43D3-8E30-834D2DFA35D9} = {D82C56D6-B2CD-F611-9E31-04638F7EC30E}
		{DCB6FCB8-FF92-AC57-0842-1F72A354D6B1} = {827E0CD3-B72D-47B6-A68D-7590B98EB39B}
		{76E6DC1E-948B-4367-BC50-07ACB7A24413} = {DCB6FCB8-FF92-AC57-0842-1F72A354D6B1}
		{71622FA6-D0B9-2D7D-14F8-3ED305ADB580} = {EC447DCF-ABFA-6E24-52A5-D7FD48A5C558}
		{A3B55932-00D8-D43C-937C-FFC8AB19D806} = {71622FA6-D0B9-2D7D-14F8-3ED305ADB580}
		{355E040B-3B02-4E1E-B79E-D0D9818E5623} = {A3B55932-00D8-D43C-937C-FFC8AB19D806}
		{C5452504-5E65-0024-2207-23F7D934BE31} = {71622FA6-D0B9-2D7D-14F8-3ED305ADB580}
		{1E67CAEC-9CDA-460D-BB25-20956B5A3638} = {C5452504-5E65-0024-2207-23F7D934BE31}
		{C48D9E0E-EBAB-BD99-C0B7-19D2813D098A} = {71622FA6-D0B9-2D7D-14F8-3ED305ADB580}
		{2D32AC5A-6D9F-4550-891E-A9D9FDC6F2B8} = {C48D9E0E-EBAB-BD99-C0B7-19D2813D098A}
		{DF4FBFF4-9BD8-5F77-629D-1BAA2A6DB64E} = {71622FA6-D0B9-2D7D-14F8-3ED305ADB580}
		{4DDDD975-ED83-47FF-B127-5D55367DB184} = {DF4FBFF4-9BD8-5F77-629D-1BAA2A6DB64E}
		{A0BD3E3F-DABB-8F0C-82B4-14234698678C} = {71622FA6-D0B9-2D7D-14F8-3ED305ADB580}
		{3DE8C80D-16DC-494A-9838-7A9495C0B48C} = {A0BD3E3F-DABB-8F0C-82B4-14234698678C}
		{1FA51A24-04EF-382C-80F7-745A08ED97FC} = {EC447DCF-ABFA-6E24-52A5-D7FD48A5C558}
		{D79E9491-2433-2482-542F-57A6A5287211} = {1FA51A24-04EF-382C-80F7-745A08ED97FC}
		{FA175984-B5A6-46C2-AF11-FFCBC61A6DD8} = {D79E9491-2433-2482-542F-57A6A5287211}
		{83ED5FC7-26F9-E0AE-77C5-E475714670F6} = {1FA51A24-04EF-382C-80F7-745A08ED97FC}
		{E0FCF34D-6114-45FD-8ACA-F0CE4B666186} = {83ED5FC7-26F9-E0AE-77C5-E475714670F6}
		{B81351C9-B02B-CA3A-0958-C497E6EA7591} = {1FA51A24-04EF-382C-80F7-745A08ED97FC}
		{DD6DB212-65B3-4622-A285-A68854B2998E} = {B81351C9-B02B-CA3A-0958-C497E6EA7591}
		{A1DB08E1-8B1F-F370-545D-009B2500C503} = {1FA51A24-04EF-382C-80F7-745A08ED97FC}
		{79EDDC4A-FC16-44A8-936D-E8BE3946CC3F} = {A1DB08E1-8B1F-F370-545D-009B2500C503}
		{4819D643-9EE4-41B9-FFE9-BB4681619633} = {1FA51A24-04EF-382C-80F7-745A08ED97FC}
		{A7C0C8AD-5DDE-4C59-9DF7-D272114D08FB} = {4819D643-9EE4-41B9-FFE9-BB4681619633}
		{BDA323E4-09EA-218B-140A-2102CE5649F4} = {1FA51A24-04EF-382C-80F7-745A08ED97FC}
		{191C02AF-2FF7-44F8-843F-8702B513CFEC} = {BDA323E4-09EA-218B-140A-2102CE5649F4}
		{CBFC7D09-D20A-3BD9-57E9-57A87E6AFCC2} = {EC447DCF-ABFA-6E24-52A5-D7FD48A5C558}
		{1E92B5AD-CC29-E63D-2DD8-EDC154E73768} = {CBFC7D09-D20A-3BD9-57E9-57A87E6AFCC2}
		{83F7CD0A-AADD-4AE5-8741-7FEBC3481CCD} = {1E92B5AD-CC29-E63D-2DD8-EDC154E73768}
		{2F9A6E94-8563-EB68-3327-822ED705615B} = {CBFC7D09-D20A-3BD9-57E9-57A87E6AFCC2}
		{DE4551AD-5C42-4254-8DCB-E1FA27CDDA35} = {2F9A6E94-8563-EB68-3327-822ED705615B}
		{3F54F0CF-35F5-45A2-8BC0-6E9B894FB413} = {CBFC7D09-D20A-3BD9-57E9-57A87E6AFCC2}
		{77F4923D-8E7A-46E6-AC1F-164241BC3BC4} = {3F54F0CF-35F5-45A2-8BC0-6E9B894FB413}
		{1AD97002-6AED-337B-ABA5-9A5796DF7A1A} = {CBFC7D09-D20A-3BD9-57E9-57A87E6AFCC2}
		{6BAD64ED-B3CF-46D5-8124-7441F8A86966} = {1AD97002-6AED-337B-ABA5-9A5796DF7A1A}
		{54826803-AF6B-84A0-CBF0-D3B5568A3DFE} = {CBFC7D09-D20A-3BD9-57E9-57A87E6AFCC2}
		{BB39A523-EF1A-4F39-8A31-4BC1D65D7679} = {54826803-AF6B-84A0-CBF0-D3B5568A3DFE}
		{5D9D1BF5-B2C2-114C-50B3-F092E83276B0} = {CBFC7D09-D20A-3BD9-57E9-57A87E6AFCC2}
		{4FB32D81-ED7C-4385-B261-2218C4C6A374} = {5D9D1BF5-B2C2-114C-50B3-F092E83276B0}
		{C881398D-578E-5DAE-A727-A31593E5F0B8} = {EC447DCF-ABFA-6E24-52A5-D7FD48A5C558}
		{D8103BE3-D10F-4699-6F1B-936CC10A5E83} = {C881398D-578E-5DAE-A727-A31593E5F0B8}
		{82465C50-796B-49B4-B16D-250BBBE4C7AF} = {D8103BE3-D10F-4699-6F1B-936CC10A5E83}
		{6E067DDE-E176-D889-FDF9-9A23F3A32F68} = {C881398D-578E-5DAE-A727-A31593E5F0B8}
		{9A584E60-CC30-455C-843A-39E9F3DB695A} = {6E067DDE-E176-D889-FDF9-9A23F3A32F68}
		{9D8D6715-607F-296B-2CF6-4FD2EF18E504} = {C881398D-578E-5DAE-A727-A31593E5F0B8}
		{03C5CF43-D896-4472-9162-6B3C82FC2ECE} = {9D8D6715-607F-296B-2CF6-4FD2EF18E504}
		{652FCEF9-367A-C055-6821-67460BBD6A2A} = {C881398D-578E-5DAE-A727-A31593E5F0B8}
		{D5CD7AB4-0F94-49CA-A3BA-7D9E1254B2C3} = {652FCEF9-367A-C055-6821-67460BBD6A2A}
		{E9C3560E-D274-CC6D-7C06-B77790CE93C7} = {C881398D-578E-5DAE-A727-A31593E5F0B8}
		{C1155A6D-3CD5-45AB-B1D4-D611E4C8A236} = {E9C3560E-D274-CC6D-7C06-B77790CE93C7}
	EndGlobalSection
	GlobalSection(ExtensibilityGlobals) = postSolution
		SolutionGuid = {F49965F4-6ED0-415E-B307-7318D097BBE4}
	EndGlobalSection
EndGlobal
